<?xml version="1.0" encoding="utf-8"?>
<Project ToolsVersion="4.0" xmlns="http://schemas.microsoft.com/developer/msbuild/2003">
  <ItemGroup>
    <Filter Include="源文件">
      <UniqueIdentifier>{4FC737F1-C7A5-4376-A066-2A32D752A2FF}</UniqueIdentifier>
      <Extensions>cpp;c;cc;cxx;c++;cppm;ixx;def;odl;idl;hpj;bat;asm;asmx</Extensions>
    </Filter>
    <Filter Include="头文件">
      <UniqueIdentifier>{93995380-89BD-4b04-88EB-625FBE52EBFB}</UniqueIdentifier>
      <Extensions>h;hh;hpp;hxx;h++;hm;inl;inc;ipp;xsd</Extensions>
    </Filter>
    <Filter Include="资源文件">
      <UniqueIdentifier>{67DA6AB6-F800-4c08-8B7A-83BB121AAD01}</UniqueIdentifier>
      <Extensions>rc;ico;cur;bmp;dlg;rc2;rct;bin;rgs;gif;jpg;jpeg;jpe;resx;tiff;tif;png;wav;mfcribbon-ms</Extensions>
    </Filter>
  </ItemGroup>
  <ItemGroup>
    <ClCompile Include="..\..\..\vgui2\vgui_controls\AnalogBar.cpp">
      <Filter>源文件</Filter>
    </ClCompile>
    <ClCompile Include="..\..\..\vgui2\vgui_controls\AnimatingImagePanel.cpp">
      <Filter>源文件</Filter>
    </ClCompile>
    <ClCompile Include="..\..\..\vgui2\vgui_controls\AnimationController.cpp">
      <Filter>源文件</Filter>
    </ClCompile>
    <ClCompile Include="..\..\..\vgui2\vgui_controls\BitmapImagePanel.cpp">
      <Filter>源文件</Filter>
    </ClCompile>
    <ClCompile Include="..\..\..\vgui2\vgui_controls\BuildFactoryHelper.cpp">
      <Filter>源文件</Filter>
    </ClCompile>
    <ClCompile Include="..\..\..\vgui2\vgui_controls\BuildGroup.cpp">
      <Filter>源文件</Filter>
    </ClCompile>
    <ClCompile Include="..\..\..\vgui2\vgui_controls\CheckButton.cpp">
      <Filter>源文件</Filter>
    </ClCompile>
    <ClCompile Include="..\..\..\vgui2\vgui_controls\CheckButtonList.cpp">
      <Filter>源文件</Filter>
    </ClCompile>
    <ClCompile Include="..\..\..\vgui2\vgui_controls\CircularProgressBar.cpp">
      <Filter>源文件</Filter>
    </ClCompile>
    <ClCompile Include="..\..\..\vgui2\vgui_controls\ComboBox.cpp">
      <Filter>源文件</Filter>
    </ClCompile>
    <ClCompile Include="..\..\..\vgui2\vgui_controls\consoledialog.cpp">
      <Filter>源文件</Filter>
    </ClCompile>
    <ClCompile Include="..\..\..\vgui2\vgui_controls\ControllerMap.cpp">
      <Filter>源文件</Filter>
    </ClCompile>
    <ClCompile Include="..\..\..\vgui2\vgui_controls\controls.cpp">
      <Filter>源文件</Filter>
    </ClCompile>
    <ClCompile Include="..\..\..\vgui2\vgui_controls\cvartogglecheckbutton.cpp">
      <Filter>源文件</Filter>
    </ClCompile>
    <ClCompile Include="..\..\..\vgui2\vgui_controls\DirectorySelectDialog.cpp">
      <Filter>源文件</Filter>
    </ClCompile>
    <ClCompile Include="..\..\..\vgui2\vgui_controls\Divider.cpp">
      <Filter>源文件</Filter>
    </ClCompile>
    <ClCompile Include="..\..\..\vgui2\vgui_controls\EditablePanel.cpp">
      <Filter>源文件</Filter>
    </ClCompile>
    <ClCompile Include="..\..\..\vgui2\vgui_controls\ExpandButton.cpp">
      <Filter>源文件</Filter>
    </ClCompile>
    <ClCompile Include="..\..\..\vgui2\vgui_controls\FileOpenDialog.cpp">
      <Filter>源文件</Filter>
    </ClCompile>
    <ClCompile Include="..\..\..\vgui2\vgui_controls\FileOpenStateMachine.cpp">
      <Filter>源文件</Filter>
    </ClCompile>
    <ClCompile Include="..\..\..\public\filesystem_helpers.cpp">
      <Filter>源文件</Filter>
    </ClCompile>
    <ClCompile Include="..\..\..\vgui2\vgui_controls\FocusNavGroup.cpp">
      <Filter>源文件</Filter>
    </ClCompile>
    <ClCompile Include="..\..\..\vgui2\vgui_controls\Frame.cpp">
      <Filter>源文件</Filter>
    </ClCompile>
    <ClCompile Include="..\..\..\vgui2\vgui_controls\GraphPanel.cpp">
      <Filter>源文件</Filter>
    </ClCompile>
    <ClCompile Include="..\..\..\vgui2\vgui_controls\HTML.cpp">
      <Filter>源文件</Filter>
    </ClCompile>
    <ClCompile Include="..\..\..\vgui2\vgui_controls\Image.cpp">
      <Filter>源文件</Filter>
    </ClCompile>
    <ClCompile Include="..\..\..\vgui2\vgui_controls\ImageList.cpp">
      <Filter>源文件</Filter>
    </ClCompile>
    <ClCompile Include="..\..\..\vgui2\vgui_controls\ImagePanel.cpp">
      <Filter>源文件</Filter>
    </ClCompile>
    <ClCompile Include="..\..\..\vgui2\vgui_controls\InputDialog.cpp">
      <Filter>源文件</Filter>
    </ClCompile>
    <ClCompile Include="..\..\..\vgui2\vgui_controls\KeyBindingHelpDialog.cpp">
      <Filter>源文件</Filter>
    </ClCompile>
    <ClCompile Include="..\..\..\vgui2\vgui_controls\KeyBoardEditorDialog.cpp">
      <Filter>源文件</Filter>
    </ClCompile>
    <ClCompile Include="..\..\..\vgui2\vgui_controls\KeyRepeat.cpp">
      <Filter>源文件</Filter>
    </ClCompile>
    <ClCompile Include="..\..\..\vgui2\vgui_controls\Label.cpp">
      <Filter>源文件</Filter>
    </ClCompile>
    <ClCompile Include="..\..\..\vgui2\vgui_controls\ListPanel.cpp">
      <Filter>源文件</Filter>
    </ClCompile>
    <ClCompile Include="..\..\..\vgui2\vgui_controls\ListViewPanel.cpp">
      <Filter>源文件</Filter>
    </ClCompile>
    <ClCompile Include="..\..\..\vgui2\vgui_controls\Menu.cpp">
      <Filter>源文件</Filter>
    </ClCompile>
    <ClCompile Include="..\..\..\vgui2\vgui_controls\MenuBar.cpp">
      <Filter>源文件</Filter>
    </ClCompile>
    <ClCompile Include="..\..\..\vgui2\vgui_controls\MenuButton.cpp">
      <Filter>源文件</Filter>
    </ClCompile>
    <ClCompile Include="..\..\..\vgui2\vgui_controls\MenuItem.cpp">
      <Filter>源文件</Filter>
    </ClCompile>
    <ClCompile Include="..\..\..\vgui2\vgui_controls\MessageBox.cpp">
      <Filter>源文件</Filter>
    </ClCompile>
    <ClCompile Include="..\..\..\vgui2\vgui_controls\MessageDialog.cpp">
      <Filter>源文件</Filter>
    </ClCompile>
    <ClCompile Include="..\..\..\vgui2\vgui_controls\Panel.cpp">
      <Filter>源文件</Filter>
    </ClCompile>
    <ClCompile Include="..\..\..\vgui2\vgui_controls\PanelListPanel.cpp">
      <Filter>源文件</Filter>
    </ClCompile>
    <ClCompile Include="..\..\..\vgui2\vgui_controls\PerforceFileExplorer.cpp">
      <Filter>源文件</Filter>
    </ClCompile>
    <ClCompile Include="..\..\..\vgui2\vgui_controls\PerforceFileList.cpp">
      <Filter>源文件</Filter>
    </ClCompile>
    <ClCompile Include="..\..\..\vgui2\vgui_controls\perforcefilelistframe.cpp">
      <Filter>源文件</Filter>
    </ClCompile>
    <ClCompile Include="..\..\..\vgui2\vgui_controls\ProgressBar.cpp">
      <Filter>源文件</Filter>
    </ClCompile>
    <ClCompile Include="..\..\..\vgui2\vgui_controls\ProgressBox.cpp">
      <Filter>源文件</Filter>
    </ClCompile>
    <ClCompile Include="..\..\..\vgui2\vgui_controls\PropertyDialog.cpp">
      <Filter>源文件</Filter>
    </ClCompile>
    <ClCompile Include="..\..\..\vgui2\vgui_controls\PropertyPage.cpp">
      <Filter>源文件</Filter>
    </ClCompile>
    <ClCompile Include="..\..\..\vgui2\vgui_controls\PropertySheet.cpp">
      <Filter>源文件</Filter>
    </ClCompile>
    <ClCompile Include="..\..\..\vgui2\vgui_controls\QueryBox.cpp">
      <Filter>源文件</Filter>
    </ClCompile>
    <ClCompile Include="..\..\..\vgui2\vgui_controls\RadioButton.cpp">
      <Filter>源文件</Filter>
    </ClCompile>
    <ClCompile Include="..\..\..\vgui2\vgui_controls\RichText.cpp">
      <Filter>源文件</Filter>
    </ClCompile>
    <ClCompile Include="..\..\..\vgui2\vgui_controls\RotatingProgressBar.cpp">
      <Filter>源文件</Filter>
    </ClCompile>
    <ClCompile Include="..\..\..\vgui2\vgui_controls\savedocumentquery.cpp">
      <Filter>源文件</Filter>
    </ClCompile>
    <ClCompile Include="..\..\..\vgui2\vgui_controls\ScalableImagePanel.cpp">
      <Filter>源文件</Filter>
    </ClCompile>
    <ClCompile Include="..\..\..\vgui2\vgui_controls\ScrollableEditablePanel.cpp">
      <Filter>源文件</Filter>
    </ClCompile>
    <ClCompile Include="..\..\..\vgui2\vgui_controls\ScrollBar.cpp">
      <Filter>源文件</Filter>
    </ClCompile>
    <ClCompile Include="..\..\..\vgui2\vgui_controls\ScrollBarSlider.cpp">
      <Filter>源文件</Filter>
    </ClCompile>
    <ClCompile Include="..\..\..\vgui2\vgui_controls\SectionedListPanel.cpp">
      <Filter>源文件</Filter>
    </ClCompile>
    <ClCompile Include="..\..\..\vgui2\vgui_controls\Slider.cpp">
      <Filter>源文件</Filter>
    </ClCompile>
    <ClCompile Include="..\..\..\vgui2\vgui_controls\Splitter.cpp">
      <Filter>源文件</Filter>
    </ClCompile>
    <ClCompile Include="..\..\..\vgui2\vgui_controls\subrectimage.cpp">
      <Filter>源文件</Filter>
    </ClCompile>
    <ClCompile Include="..\..\..\vgui2\vgui_controls\TextEntry.cpp">
      <Filter>源文件</Filter>
    </ClCompile>
    <ClCompile Include="..\..\..\vgui2\vgui_controls\TextImage.cpp">
      <Filter>源文件</Filter>
    </ClCompile>
    <ClCompile Include="..\..\..\vgui2\vgui_controls\ToggleButton.cpp">
      <Filter>源文件</Filter>
    </ClCompile>
    <ClCompile Include="..\..\..\vgui2\vgui_controls\Tooltip.cpp">
      <Filter>源文件</Filter>
    </ClCompile>
    <ClCompile Include="..\..\..\vgui2\vgui_controls\ToolWindow.cpp">
      <Filter>源文件</Filter>
    </ClCompile>
    <ClCompile Include="..\..\..\vgui2\vgui_controls\TreeView.cpp">
      <Filter>源文件</Filter>
    </ClCompile>
    <ClCompile Include="..\..\..\vgui2\vgui_controls\TreeViewListControl.cpp">
      <Filter>源文件</Filter>
    </ClCompile>
    <ClCompile Include="..\..\..\vgui2\vgui_controls\URLLabel.cpp">
      <Filter>源文件</Filter>
    </ClCompile>
    <ClCompile Include="..\..\..\vgui2\vgui_controls\WizardPanel.cpp">
      <Filter>源文件</Filter>
    </ClCompile>
    <ClCompile Include="..\..\..\vgui2\vgui_controls\WizardSubPanel.cpp">
      <Filter>源文件</Filter>
    </ClCompile>
    <ClCompile Include="..\..\..\vgui2\src\vgui_key_translation.cpp">
      <Filter>源文件</Filter>
    </ClCompile>
    <ClCompile Include="..\..\..\vgui2\vgui_controls\Button.cpp">
      <Filter>源文件</Filter>
    </ClCompile>
    <ClCompile Include="..\..\..\public\vgui_controls\vgui_controls.cpp">
      <Filter>源文件</Filter>
    </ClCompile>
    <ClCompile Include="..\..\..\vgui2\vgui_controls\BuildModeDialog.cpp">
      <Filter>源文件</Filter>
    </ClCompile>
  </ItemGroup>
</Project>