
Microsoft Visual Studio Solution File, Format Version 12.00
# Visual Studio Version 17
VisualStudioVersion = 17.8.34309.116
MinimumVisualStudioVersion = 10.0.40219.1
Project("{8BC9CEB8-8B4A-11D0-8D11-00A0C91BC942}") = "tier0", "tier0\tier0.vcxproj", "{0341BAC8-5A93-4FF9-8BBE-8F8B53A75868}"
EndProject
Project("{8BC9CEB8-8B4A-11D0-8D11-00A0C91BC942}") = "vstdlib", "vstdlib\vstdlib.vcxproj", "{3E2B801C-0A7A-4DA9-8AFE-EA211B7547C6}"
	ProjectSection(ProjectDependencies) = postProject
		{76B77E36-F876-4A43-B290-058F5728024C} = {76B77E36-F876-4A43-B290-058F5728024C}
		{0341BAC8-5A93-4FF9-8BBE-8F8B53A75868} = {0341BAC8-5A93-4FF9-8BBE-8F8B53A75868}
	EndProjectSection
EndProject
Project("{8BC9CEB8-8B4A-11D0-8D11-00A0C91BC942}") = "tier1", "tier1\tier1.vcxproj", "{76B77E36-F876-4A43-B290-058F5728024C}"
	ProjectSection(ProjectDependencies) = postProject
		{0341BAC8-5A93-4FF9-8BBE-8F8B53A75868} = {0341BAC8-5A93-4FF9-8BBE-8F8B53A75868}
	EndProjectSection
EndProject
Project("{8BC9CEB8-8B4A-11D0-8D11-00A0C91BC942}") = "tier2", "tier2\tier2.vcxproj", "{FFDBC48D-015E-4C99-8CB8-DE62780C5D41}"
	ProjectSection(ProjectDependencies) = postProject
		{3E2B801C-0A7A-4DA9-8AFE-EA211B7547C6} = {3E2B801C-0A7A-4DA9-8AFE-EA211B7547C6}
		{76B77E36-F876-4A43-B290-058F5728024C} = {76B77E36-F876-4A43-B290-058F5728024C}
		{80D6D86C-B317-4979-AE2C-BEC18D731730} = {80D6D86C-B317-4979-AE2C-BEC18D731730}
		{0341BAC8-5A93-4FF9-8BBE-8F8B53A75868} = {0341BAC8-5A93-4FF9-8BBE-8F8B53A75868}
	EndProjectSection
EndProject
Project("{8BC9CEB8-8B4A-11D0-8D11-00A0C91BC942}") = "mathlib", "mathlib\mathlib.vcxproj", "{80D6D86C-B317-4979-AE2C-BEC18D731730}"
	ProjectSection(ProjectDependencies) = postProject
		{0341BAC8-5A93-4FF9-8BBE-8F8B53A75868} = {0341BAC8-5A93-4FF9-8BBE-8F8B53A75868}
	EndProjectSection
EndProject
Project("{8BC9CEB8-8B4A-11D0-8D11-00A0C91BC942}") = "datamodel", "datamodel\datamodel.vcxproj", "{CE7DA260-B9F5-48C0-83A5-BB6BC7FD1440}"
	ProjectSection(ProjectDependencies) = postProject
		{3E2B801C-0A7A-4DA9-8AFE-EA211B7547C6} = {3E2B801C-0A7A-4DA9-8AFE-EA211B7547C6}
		{76B77E36-F876-4A43-B290-058F5728024C} = {76B77E36-F876-4A43-B290-058F5728024C}
		{FFDBC48D-015E-4C99-8CB8-DE62780C5D41} = {FFDBC48D-015E-4C99-8CB8-DE62780C5D41}
		{0341BAC8-5A93-4FF9-8BBE-8F8B53A75868} = {0341BAC8-5A93-4FF9-8BBE-8F8B53A75868}
	EndProjectSection
EndProject
Project("{8BC9CEB8-8B4A-11D0-8D11-00A0C91BC942}") = "tier3", "tier3\tier3.vcxproj", "{D6590513-096D-4F47-B312-A4A9DFBF1BB3}"
	ProjectSection(ProjectDependencies) = postProject
		{76B77E36-F876-4A43-B290-058F5728024C} = {76B77E36-F876-4A43-B290-058F5728024C}
		{FFDBC48D-015E-4C99-8CB8-DE62780C5D41} = {FFDBC48D-015E-4C99-8CB8-DE62780C5D41}
		{0341BAC8-5A93-4FF9-8BBE-8F8B53A75868} = {0341BAC8-5A93-4FF9-8BBE-8F8B53A75868}
	EndProjectSection
EndProject
Project("{8BC9CEB8-8B4A-11D0-8D11-00A0C91BC942}") = "steam_api", "steam_api\steam_api.vcxproj", "{13DFA5DE-506F-494A-B77E-24CF1F733520}"
	ProjectSection(ProjectDependencies) = postProject
		{0341BAC8-5A93-4FF9-8BBE-8F8B53A75868} = {0341BAC8-5A93-4FF9-8BBE-8F8B53A75868}
	EndProjectSection
EndProject
Project("{8BC9CEB8-8B4A-11D0-8D11-00A0C91BC942}") = "appframework", "appframework\appframework.vcxproj", "{BF8AFBEB-0EED-4319-AA5F-AE61B1EBF1C8}"
	ProjectSection(ProjectDependencies) = postProject
		{76B77E36-F876-4A43-B290-058F5728024C} = {76B77E36-F876-4A43-B290-058F5728024C}
		{0341BAC8-5A93-4FF9-8BBE-8F8B53A75868} = {0341BAC8-5A93-4FF9-8BBE-8F8B53A75868}
	EndProjectSection
EndProject
Project("{8BC9CEB8-8B4A-11D0-8D11-00A0C91BC942}") = "matsys_controls", "matsys_controls\matsys_controls.vcxproj", "{EB77D90B-1DE8-4A00-A338-1FC6C47739D6}"
	ProjectSection(ProjectDependencies) = postProject
		{76B77E36-F876-4A43-B290-058F5728024C} = {76B77E36-F876-4A43-B290-058F5728024C}
		{0341BAC8-5A93-4FF9-8BBE-8F8B53A75868} = {0341BAC8-5A93-4FF9-8BBE-8F8B53A75868}
	EndProjectSection
EndProject
Project("{8BC9CEB8-8B4A-11D0-8D11-00A0C91BC942}") = "vgui_controls", "vgui_controls\vgui_controls.vcxproj", "{0CDA7F2E-01B6-4770-B67F-B2DABE9CBE6C}"
	ProjectSection(ProjectDependencies) = postProject
		{76B77E36-F876-4A43-B290-058F5728024C} = {76B77E36-F876-4A43-B290-058F5728024C}
		{0341BAC8-5A93-4FF9-8BBE-8F8B53A75868} = {0341BAC8-5A93-4FF9-8BBE-8F8B53A75868}
	EndProjectSection
EndProject
Project("{8BC9CEB8-8B4A-11D0-8D11-00A0C91BC942}") = "bitmap", "bitmap\bitmap.vcxproj", "{3187C0F7-411A-4EA4-92CC-0792ECE3328B}"
	ProjectSection(ProjectDependencies) = postProject
		{76B77E36-F876-4A43-B290-058F5728024C} = {76B77E36-F876-4A43-B290-058F5728024C}
		{0341BAC8-5A93-4FF9-8BBE-8F8B53A75868} = {0341BAC8-5A93-4FF9-8BBE-8F8B53A75868}
	EndProjectSection
EndProject
Project("{8BC9CEB8-8B4A-11D0-8D11-00A0C91BC942}") = "dmxloader", "dmxloader\dmxloader.vcxproj", "{271C94FC-34CF-4AD8-9C84-375EF047CD34}"
	ProjectSection(ProjectDependencies) = postProject
		{76B77E36-F876-4A43-B290-058F5728024C} = {76B77E36-F876-4A43-B290-058F5728024C}
		{0341BAC8-5A93-4FF9-8BBE-8F8B53A75868} = {0341BAC8-5A93-4FF9-8BBE-8F8B53A75868}
	EndProjectSection
EndProject
Project("{8BC9CEB8-8B4A-11D0-8D11-00A0C91BC942}") = "launcher", "launcher\launcher.vcxproj", "{F741DAE3-16CB-4628-B260-827982683536}"
	ProjectSection(ProjectDependencies) = postProject
		{D6590513-096D-4F47-B312-A4A9DFBF1BB3} = {D6590513-096D-4F47-B312-A4A9DFBF1BB3}
		{3E2B801C-0A7A-4DA9-8AFE-EA211B7547C6} = {3E2B801C-0A7A-4DA9-8AFE-EA211B7547C6}
		{76B77E36-F876-4A43-B290-058F5728024C} = {76B77E36-F876-4A43-B290-058F5728024C}
		{FFDBC48D-015E-4C99-8CB8-DE62780C5D41} = {FFDBC48D-015E-4C99-8CB8-DE62780C5D41}
		{0341BAC8-5A93-4FF9-8BBE-8F8B53A75868} = {0341BAC8-5A93-4FF9-8BBE-8F8B53A75868}
		{13DFA5DE-506F-494A-B77E-24CF1F733520} = {13DFA5DE-506F-494A-B77E-24CF1F733520}
		{BF8AFBEB-0EED-4319-AA5F-AE61B1EBF1C8} = {BF8AFBEB-0EED-4319-AA5F-AE61B1EBF1C8}
	EndProjectSection
EndProject
Project("{8BC9CEB8-8B4A-11D0-8D11-00A0C91BC942}") = "launcher_main", "launcher_main\launcher_main.vcxproj", "{0CA35523-949B-4CD8-9C9E-243928E7F954}"
	ProjectSection(ProjectDependencies) = postProject
		{0341BAC8-5A93-4FF9-8BBE-8F8B53A75868} = {0341BAC8-5A93-4FF9-8BBE-8F8B53A75868}
	EndProjectSection
EndProject
Project("{8BC9CEB8-8B4A-11D0-8D11-00A0C91BC942}") = "filesystem_stdio", "filesystem_stdio\filesystem_stdio.vcxproj", "{2DF15A5C-E31C-494A-8ED1-E415CC76612D}"
	ProjectSection(ProjectDependencies) = postProject
		{3E2B801C-0A7A-4DA9-8AFE-EA211B7547C6} = {3E2B801C-0A7A-4DA9-8AFE-EA211B7547C6}
		{76B77E36-F876-4A43-B290-058F5728024C} = {76B77E36-F876-4A43-B290-058F5728024C}
		{0D29005F-DFDD-4E9A-8686-B56FD4B57073} = {0D29005F-DFDD-4E9A-8686-B56FD4B57073}
		{FFDBC48D-015E-4C99-8CB8-DE62780C5D41} = {FFDBC48D-015E-4C99-8CB8-DE62780C5D41}
		{0341BAC8-5A93-4FF9-8BBE-8F8B53A75868} = {0341BAC8-5A93-4FF9-8BBE-8F8B53A75868}
	EndProjectSection
EndProject
Project("{8BC9CEB8-8B4A-11D0-8D11-00A0C91BC942}") = "vpklib", "vpklib\vpklib.vcxproj", "{0D29005F-DFDD-4E9A-8686-B56FD4B57073}"
	ProjectSection(ProjectDependencies) = postProject
		{76B77E36-F876-4A43-B290-058F5728024C} = {76B77E36-F876-4A43-B290-058F5728024C}
		{0341BAC8-5A93-4FF9-8BBE-8F8B53A75868} = {0341BAC8-5A93-4FF9-8BBE-8F8B53A75868}
	EndProjectSection
EndProject
Project("{8BC9CEB8-8B4A-11D0-8D11-00A0C91BC942}") = "soundemittersystem", "soundemittersystem\soundemittersystem.vcxproj", "{34B6B98E-C0BE-4D3E-818C-2E1E10EE08D1}"
	ProjectSection(ProjectDependencies) = postProject
		{3E2B801C-0A7A-4DA9-8AFE-EA211B7547C6} = {3E2B801C-0A7A-4DA9-8AFE-EA211B7547C6}
		{76B77E36-F876-4A43-B290-058F5728024C} = {76B77E36-F876-4A43-B290-058F5728024C}
		{0341BAC8-5A93-4FF9-8BBE-8F8B53A75868} = {0341BAC8-5A93-4FF9-8BBE-8F8B53A75868}
	EndProjectSection
EndProject
Project("{8BC9CEB8-8B4A-11D0-8D11-00A0C91BC942}") = "vtf", "vtf\vtf.vcxproj", "{C024B624-CEBD-4C9B-AA96-9E2B90B00B67}"
	ProjectSection(ProjectDependencies) = postProject
		{76B77E36-F876-4A43-B290-058F5728024C} = {76B77E36-F876-4A43-B290-058F5728024C}
		{0341BAC8-5A93-4FF9-8BBE-8F8B53A75868} = {0341BAC8-5A93-4FF9-8BBE-8F8B53A75868}
	EndProjectSection
EndProject
Project("{8BC9CEB8-8B4A-11D0-8D11-00A0C91BC942}") = "engine", "engine\engine.vcxproj", "{35D4BF75-72AB-4C36-9EE6-A5A4A3DC30DC}"
	ProjectSection(ProjectDependencies) = postProject
		{EB77D90B-1DE8-4A00-A338-1FC6C47739D6} = {EB77D90B-1DE8-4A00-A338-1FC6C47739D6}
		{D6590513-096D-4F47-B312-A4A9DFBF1BB3} = {D6590513-096D-4F47-B312-A4A9DFBF1BB3}
		{3E2B801C-0A7A-4DA9-8AFE-EA211B7547C6} = {3E2B801C-0A7A-4DA9-8AFE-EA211B7547C6}
		{C024B624-CEBD-4C9B-AA96-9E2B90B00B67} = {C024B624-CEBD-4C9B-AA96-9E2B90B00B67}
		{22252426-CA38-4C51-B344-093A0FA1BEED} = {22252426-CA38-4C51-B344-093A0FA1BEED}
		{0CDA7F2E-01B6-4770-B67F-B2DABE9CBE6C} = {0CDA7F2E-01B6-4770-B67F-B2DABE9CBE6C}
		{76B77E36-F876-4A43-B290-058F5728024C} = {76B77E36-F876-4A43-B290-058F5728024C}
		{2DF15A5C-E31C-494A-8ED1-E415CC76612D} = {2DF15A5C-E31C-494A-8ED1-E415CC76612D}
		{0D29005F-DFDD-4E9A-8686-B56FD4B57073} = {0D29005F-DFDD-4E9A-8686-B56FD4B57073}
		{CE7DA260-B9F5-48C0-83A5-BB6BC7FD1440} = {CE7DA260-B9F5-48C0-83A5-BB6BC7FD1440}
		{80D6D86C-B317-4979-AE2C-BEC18D731730} = {80D6D86C-B317-4979-AE2C-BEC18D731730}
		{FFDBC48D-015E-4C99-8CB8-DE62780C5D41} = {FFDBC48D-015E-4C99-8CB8-DE62780C5D41}
		{34B6B98E-C0BE-4D3E-818C-2E1E10EE08D1} = {34B6B98E-C0BE-4D3E-818C-2E1E10EE08D1}
		{0341BAC8-5A93-4FF9-8BBE-8F8B53A75868} = {0341BAC8-5A93-4FF9-8BBE-8F8B53A75868}
		{13DFA5DE-506F-494A-B77E-24CF1F733520} = {13DFA5DE-506F-494A-B77E-24CF1F733520}
		{BF8AFBEB-0EED-4319-AA5F-AE61B1EBF1C8} = {BF8AFBEB-0EED-4319-AA5F-AE61B1EBF1C8}
		{3187C0F7-411A-4EA4-92CC-0792ECE3328B} = {3187C0F7-411A-4EA4-92CC-0792ECE3328B}
		{271C94FC-34CF-4AD8-9C84-375EF047CD34} = {271C94FC-34CF-4AD8-9C84-375EF047CD34}
	EndProjectSection
EndProject
Project("{8BC9CEB8-8B4A-11D0-8D11-00A0C91BC942}") = "bzip2", "bzip2\bzip2.vcxproj", "{22252426-CA38-4C51-B344-093A0FA1BEED}"
EndProject
Project("{8BC9CEB8-8B4A-11D0-8D11-00A0C91BC942}") = "inputsystem", "inputsystem\inputsystem.vcxproj", "{7A068A6D-433C-436A-AB8E-01D347CAFFE6}"
	ProjectSection(ProjectDependencies) = postProject
		{3E2B801C-0A7A-4DA9-8AFE-EA211B7547C6} = {3E2B801C-0A7A-4DA9-8AFE-EA211B7547C6}
		{76B77E36-F876-4A43-B290-058F5728024C} = {76B77E36-F876-4A43-B290-058F5728024C}
		{FFDBC48D-015E-4C99-8CB8-DE62780C5D41} = {FFDBC48D-015E-4C99-8CB8-DE62780C5D41}
		{0341BAC8-5A93-4FF9-8BBE-8F8B53A75868} = {0341BAC8-5A93-4FF9-8BBE-8F8B53A75868}
		{13DFA5DE-506F-494A-B77E-24CF1F733520} = {13DFA5DE-506F-494A-B77E-24CF1F733520}
	EndProjectSection
EndProject
Project("{8BC9CEB8-8B4A-11D0-8D11-00A0C91BC942}") = "shaderlib", "shaderlib\shaderlib.vcxproj", "{EDAB26B8-9FB7-4C0F-9413-61AEA4E61CE2}"
	ProjectSection(ProjectDependencies) = postProject
		{76B77E36-F876-4A43-B290-058F5728024C} = {76B77E36-F876-4A43-B290-058F5728024C}
		{80D6D86C-B317-4979-AE2C-BEC18D731730} = {80D6D86C-B317-4979-AE2C-BEC18D731730}
		{0341BAC8-5A93-4FF9-8BBE-8F8B53A75868} = {0341BAC8-5A93-4FF9-8BBE-8F8B53A75868}
	EndProjectSection
EndProject
Project("{8BC9CEB8-8B4A-11D0-8D11-00A0C91BC942}") = "materialsystem", "materialsystem\materialsystem.vcxproj", "{7101A7E2-3DE4-48F6-BB3C-FB91114C291C}"
	ProjectSection(ProjectDependencies) = postProject
		{3E2B801C-0A7A-4DA9-8AFE-EA211B7547C6} = {3E2B801C-0A7A-4DA9-8AFE-EA211B7547C6}
		{C024B624-CEBD-4C9B-AA96-9E2B90B00B67} = {C024B624-CEBD-4C9B-AA96-9E2B90B00B67}
		{76B77E36-F876-4A43-B290-058F5728024C} = {76B77E36-F876-4A43-B290-058F5728024C}
		{80D6D86C-B317-4979-AE2C-BEC18D731730} = {80D6D86C-B317-4979-AE2C-BEC18D731730}
		{FFDBC48D-015E-4C99-8CB8-DE62780C5D41} = {FFDBC48D-015E-4C99-8CB8-DE62780C5D41}
		{EDAB26B8-9FB7-4C0F-9413-61AEA4E61CE2} = {EDAB26B8-9FB7-4C0F-9413-61AEA4E61CE2}
		{0341BAC8-5A93-4FF9-8BBE-8F8B53A75868} = {0341BAC8-5A93-4FF9-8BBE-8F8B53A75868}
		{3187C0F7-411A-4EA4-92CC-0792ECE3328B} = {3187C0F7-411A-4EA4-92CC-0792ECE3328B}
	EndProjectSection
EndProject
Project("{8BC9CEB8-8B4A-11D0-8D11-00A0C91BC942}") = "datacache", "datacache\datacache.vcxproj", "{AB62B6A5-D034-48C3-AE40-F79134FC400F}"
	ProjectSection(ProjectDependencies) = postProject
		{D6590513-096D-4F47-B312-A4A9DFBF1BB3} = {D6590513-096D-4F47-B312-A4A9DFBF1BB3}
		{76B77E36-F876-4A43-B290-058F5728024C} = {76B77E36-F876-4A43-B290-058F5728024C}
		{FFDBC48D-015E-4C99-8CB8-DE62780C5D41} = {FFDBC48D-015E-4C99-8CB8-DE62780C5D41}
		{0341BAC8-5A93-4FF9-8BBE-8F8B53A75868} = {0341BAC8-5A93-4FF9-8BBE-8F8B53A75868}
	EndProjectSection
EndProject
Project("{8BC9CEB8-8B4A-11D0-8D11-00A0C91BC942}") = "studiorender", "studiorender\studiorender.vcxproj", "{B1255CCC-C7B1-4599-B67F-AC7833DA3562}"
	ProjectSection(ProjectDependencies) = postProject
		{D6590513-096D-4F47-B312-A4A9DFBF1BB3} = {D6590513-096D-4F47-B312-A4A9DFBF1BB3}
		{3E2B801C-0A7A-4DA9-8AFE-EA211B7547C6} = {3E2B801C-0A7A-4DA9-8AFE-EA211B7547C6}
		{76B77E36-F876-4A43-B290-058F5728024C} = {76B77E36-F876-4A43-B290-058F5728024C}
		{80D6D86C-B317-4979-AE2C-BEC18D731730} = {80D6D86C-B317-4979-AE2C-BEC18D731730}
		{FFDBC48D-015E-4C99-8CB8-DE62780C5D41} = {FFDBC48D-015E-4C99-8CB8-DE62780C5D41}
		{0341BAC8-5A93-4FF9-8BBE-8F8B53A75868} = {0341BAC8-5A93-4FF9-8BBE-8F8B53A75868}
		{3187C0F7-411A-4EA4-92CC-0792ECE3328B} = {3187C0F7-411A-4EA4-92CC-0792ECE3328B}
	EndProjectSection
EndProject
Project("{8BC9CEB8-8B4A-11D0-8D11-00A0C91BC942}") = "havana_constraints", "havana_constraints\havana_constraints.vcxproj", "{A00D8185-8716-464D-85B4-7B65DC70F2B3}"
	ProjectSection(ProjectDependencies) = postProject
		{47800747-F239-47DB-90E6-B6DBA07EF66B} = {47800747-F239-47DB-90E6-B6DBA07EF66B}
		{945A5079-1347-45AC-9270-8F272E535B84} = {945A5079-1347-45AC-9270-8F272E535B84}
		{0551FFE4-58F5-4FB6-A7D4-B66643E06327} = {0551FFE4-58F5-4FB6-A7D4-B66643E06327}
	EndProjectSection
EndProject
Project("{8BC9CEB8-8B4A-11D0-8D11-00A0C91BC942}") = "hk_base", "hk_base\hk_base.vcxproj", "{0551FFE4-58F5-4FB6-A7D4-B66643E06327}"
EndProject
Project("{8BC9CEB8-8B4A-11D0-8D11-00A0C91BC942}") = "hk_math", "hk_math\hk_math.vcxproj", "{945A5079-1347-45AC-9270-8F272E535B84}"
	ProjectSection(ProjectDependencies) = postProject
		{0551FFE4-58F5-4FB6-A7D4-B66643E06327} = {0551FFE4-58F5-4FB6-A7D4-B66643E06327}
	EndProjectSection
EndProject
Project("{8BC9CEB8-8B4A-11D0-8D11-00A0C91BC942}") = "ivp_physics", "ivp_physics\ivp_physics.vcxproj", "{47800747-F239-47DB-90E6-B6DBA07EF66B}"
EndProject
Project("{8BC9CEB8-8B4A-11D0-8D11-00A0C91BC942}") = "ivp_compactbuilder", "ivp_compactbuilder\ivp_compactbuilder.vcxproj", "{FEBCF479-411D-4A07-A3A5-6226970FC0A3}"
	ProjectSection(ProjectDependencies) = postProject
		{47800747-F239-47DB-90E6-B6DBA07EF66B} = {47800747-F239-47DB-90E6-B6DBA07EF66B}
	EndProjectSection
EndProject
Project("{8BC9CEB8-8B4A-11D0-8D11-00A0C91BC942}") = "vphysics", "vphysics\vphysics.vcxproj", "{C4D87315-7B16-4447-8CDD-E16DD32CFE92}"
	ProjectSection(ProjectDependencies) = postProject
		{3E2B801C-0A7A-4DA9-8AFE-EA211B7547C6} = {3E2B801C-0A7A-4DA9-8AFE-EA211B7547C6}
		{76B77E36-F876-4A43-B290-058F5728024C} = {76B77E36-F876-4A43-B290-058F5728024C}
		{47800747-F239-47DB-90E6-B6DBA07EF66B} = {47800747-F239-47DB-90E6-B6DBA07EF66B}
		{80D6D86C-B317-4979-AE2C-BEC18D731730} = {80D6D86C-B317-4979-AE2C-BEC18D731730}
		{945A5079-1347-45AC-9270-8F272E535B84} = {945A5079-1347-45AC-9270-8F272E535B84}
		{FEBCF479-411D-4A07-A3A5-6226970FC0A3} = {FEBCF479-411D-4A07-A3A5-6226970FC0A3}
		{A00D8185-8716-464D-85B4-7B65DC70F2B3} = {A00D8185-8716-464D-85B4-7B65DC70F2B3}
		{FFDBC48D-015E-4C99-8CB8-DE62780C5D41} = {FFDBC48D-015E-4C99-8CB8-DE62780C5D41}
		{0341BAC8-5A93-4FF9-8BBE-8F8B53A75868} = {0341BAC8-5A93-4FF9-8BBE-8F8B53A75868}
		{0551FFE4-58F5-4FB6-A7D4-B66643E06327} = {0551FFE4-58F5-4FB6-A7D4-B66643E06327}
	EndProjectSection
EndProject
Project("{8BC9CEB8-8B4A-11D0-8D11-00A0C91BC942}") = "video_services", "video_services\video_services.vcxproj", "{298D44C4-9C36-496D-AC78-C0535241C612}"
	ProjectSection(ProjectDependencies) = postProject
		{D6590513-096D-4F47-B312-A4A9DFBF1BB3} = {D6590513-096D-4F47-B312-A4A9DFBF1BB3}
		{3E2B801C-0A7A-4DA9-8AFE-EA211B7547C6} = {3E2B801C-0A7A-4DA9-8AFE-EA211B7547C6}
		{76B77E36-F876-4A43-B290-058F5728024C} = {76B77E36-F876-4A43-B290-058F5728024C}
		{FFDBC48D-015E-4C99-8CB8-DE62780C5D41} = {FFDBC48D-015E-4C99-8CB8-DE62780C5D41}
		{0341BAC8-5A93-4FF9-8BBE-8F8B53A75868} = {0341BAC8-5A93-4FF9-8BBE-8F8B53A75868}
	EndProjectSection
EndProject
Project("{8BC9CEB8-8B4A-11D0-8D11-00A0C91BC942}") = "vgui_surfacelib", "vgui_surfacelib\vgui_surfacelib.vcxproj", "{718AA572-9394-4614-96CA-A69EC7B037C2}"
	ProjectSection(ProjectDependencies) = postProject
		{76B77E36-F876-4A43-B290-058F5728024C} = {76B77E36-F876-4A43-B290-058F5728024C}
		{0341BAC8-5A93-4FF9-8BBE-8F8B53A75868} = {0341BAC8-5A93-4FF9-8BBE-8F8B53A75868}
	EndProjectSection
EndProject
Project("{8BC9CEB8-8B4A-11D0-8D11-00A0C91BC942}") = "vguimatsurface", "vguimatsurface\vguimatsurface.vcxproj", "{B182CAE5-3797-41E1-A760-C7F526020EC3}"
	ProjectSection(ProjectDependencies) = postProject
		{D6590513-096D-4F47-B312-A4A9DFBF1BB3} = {D6590513-096D-4F47-B312-A4A9DFBF1BB3}
		{3E2B801C-0A7A-4DA9-8AFE-EA211B7547C6} = {3E2B801C-0A7A-4DA9-8AFE-EA211B7547C6}
		{0CDA7F2E-01B6-4770-B67F-B2DABE9CBE6C} = {0CDA7F2E-01B6-4770-B67F-B2DABE9CBE6C}
		{76B77E36-F876-4A43-B290-058F5728024C} = {76B77E36-F876-4A43-B290-058F5728024C}
		{80D6D86C-B317-4979-AE2C-BEC18D731730} = {80D6D86C-B317-4979-AE2C-BEC18D731730}
		{718AA572-9394-4614-96CA-A69EC7B037C2} = {718AA572-9394-4614-96CA-A69EC7B037C2}
		{FFDBC48D-015E-4C99-8CB8-DE62780C5D41} = {FFDBC48D-015E-4C99-8CB8-DE62780C5D41}
		{0341BAC8-5A93-4FF9-8BBE-8F8B53A75868} = {0341BAC8-5A93-4FF9-8BBE-8F8B53A75868}
		{3187C0F7-411A-4EA4-92CC-0792ECE3328B} = {3187C0F7-411A-4EA4-92CC-0792ECE3328B}
	EndProjectSection
EndProject
Project("{8BC9CEB8-8B4A-11D0-8D11-00A0C91BC942}") = "vgui2", "vgui2\vgui2.vcxproj", "{BF459B97-CECA-4112-A7BA-70F0F6BE3633}"
	ProjectSection(ProjectDependencies) = postProject
		{D6590513-096D-4F47-B312-A4A9DFBF1BB3} = {D6590513-096D-4F47-B312-A4A9DFBF1BB3}
		{3E2B801C-0A7A-4DA9-8AFE-EA211B7547C6} = {3E2B801C-0A7A-4DA9-8AFE-EA211B7547C6}
		{0CDA7F2E-01B6-4770-B67F-B2DABE9CBE6C} = {0CDA7F2E-01B6-4770-B67F-B2DABE9CBE6C}
		{76B77E36-F876-4A43-B290-058F5728024C} = {76B77E36-F876-4A43-B290-058F5728024C}
		{718AA572-9394-4614-96CA-A69EC7B037C2} = {718AA572-9394-4614-96CA-A69EC7B037C2}
		{FFDBC48D-015E-4C99-8CB8-DE62780C5D41} = {FFDBC48D-015E-4C99-8CB8-DE62780C5D41}
		{0341BAC8-5A93-4FF9-8BBE-8F8B53A75868} = {0341BAC8-5A93-4FF9-8BBE-8F8B53A75868}
	EndProjectSection
EndProject
Project("{8BC9CEB8-8B4A-11D0-8D11-00A0C91BC942}") = "shaderapidx9", "shaderapidx9\shaderapidx9.vcxproj", "{417EED9E-4876-4DB1-ACC4-C2FBCCE4A5C8}"
	ProjectSection(ProjectDependencies) = postProject
		{3E2B801C-0A7A-4DA9-8AFE-EA211B7547C6} = {3E2B801C-0A7A-4DA9-8AFE-EA211B7547C6}
		{22252426-CA38-4C51-B344-093A0FA1BEED} = {22252426-CA38-4C51-B344-093A0FA1BEED}
		{76B77E36-F876-4A43-B290-058F5728024C} = {76B77E36-F876-4A43-B290-058F5728024C}
		{80D6D86C-B317-4979-AE2C-BEC18D731730} = {80D6D86C-B317-4979-AE2C-BEC18D731730}
		{FFDBC48D-015E-4C99-8CB8-DE62780C5D41} = {FFDBC48D-015E-4C99-8CB8-DE62780C5D41}
		{0341BAC8-5A93-4FF9-8BBE-8F8B53A75868} = {0341BAC8-5A93-4FF9-8BBE-8F8B53A75868}
		{3187C0F7-411A-4EA4-92CC-0792ECE3328B} = {3187C0F7-411A-4EA4-92CC-0792ECE3328B}
	EndProjectSection
EndProject
Project("{8BC9CEB8-8B4A-11D0-8D11-00A0C91BC942}") = "stdshader_dx9", "stdshader_dx9\stdshader_dx9.vcxproj", "{C543EFA8-BDAC-48D1-921D-766D8B7CCFE6}"
	ProjectSection(ProjectDependencies) = postProject
		{76B77E36-F876-4A43-B290-058F5728024C} = {76B77E36-F876-4A43-B290-058F5728024C}
		{80D6D86C-B317-4979-AE2C-BEC18D731730} = {80D6D86C-B317-4979-AE2C-BEC18D731730}
		{EDAB26B8-9FB7-4C0F-9413-61AEA4E61CE2} = {EDAB26B8-9FB7-4C0F-9413-61AEA4E61CE2}
		{0341BAC8-5A93-4FF9-8BBE-8F8B53A75868} = {0341BAC8-5A93-4FF9-8BBE-8F8B53A75868}
	EndProjectSection
EndProject
Project("{8BC9CEB8-8B4A-11D0-8D11-00A0C91BC942}") = "unicode", "unicode\unicode.vcxproj", "{467E0FAE-2BBE-44E3-B4B3-BAC4828E4122}"
	ProjectSection(ProjectDependencies) = postProject
		{3E2B801C-0A7A-4DA9-8AFE-EA211B7547C6} = {3E2B801C-0A7A-4DA9-8AFE-EA211B7547C6}
		{76B77E36-F876-4A43-B290-058F5728024C} = {76B77E36-F876-4A43-B290-058F5728024C}
		{80D6D86C-B317-4979-AE2C-BEC18D731730} = {80D6D86C-B317-4979-AE2C-BEC18D731730}
		{FFDBC48D-015E-4C99-8CB8-DE62780C5D41} = {FFDBC48D-015E-4C99-8CB8-DE62780C5D41}
		{0341BAC8-5A93-4FF9-8BBE-8F8B53A75868} = {0341BAC8-5A93-4FF9-8BBE-8F8B53A75868}
	EndProjectSection
EndProject
Project("{8BC9CEB8-8B4A-11D0-8D11-00A0C91BC942}") = "scenefilecache", "scenefilecache\scenefilecache.vcxproj", "{83DA788C-EA29-4FE8-8D2D-4AFCCF4C5BED}"
	ProjectSection(ProjectDependencies) = postProject
		{76B77E36-F876-4A43-B290-058F5728024C} = {76B77E36-F876-4A43-B290-058F5728024C}
		{0341BAC8-5A93-4FF9-8BBE-8F8B53A75868} = {0341BAC8-5A93-4FF9-8BBE-8F8B53A75868}
	EndProjectSection
EndProject
Project("{8BC9CEB8-8B4A-11D0-8D11-00A0C91BC942}") = "serverbrowser", "ServerBrowser\ServerBrowser.vcxproj", "{628FAE2D-D8B7-4777-B3D9-E4F5A403ACC0}"
	ProjectSection(ProjectDependencies) = postProject
		{D6590513-096D-4F47-B312-A4A9DFBF1BB3} = {D6590513-096D-4F47-B312-A4A9DFBF1BB3}
		{3E2B801C-0A7A-4DA9-8AFE-EA211B7547C6} = {3E2B801C-0A7A-4DA9-8AFE-EA211B7547C6}
		{0CDA7F2E-01B6-4770-B67F-B2DABE9CBE6C} = {0CDA7F2E-01B6-4770-B67F-B2DABE9CBE6C}
		{76B77E36-F876-4A43-B290-058F5728024C} = {76B77E36-F876-4A43-B290-058F5728024C}
		{80D6D86C-B317-4979-AE2C-BEC18D731730} = {80D6D86C-B317-4979-AE2C-BEC18D731730}
		{FFDBC48D-015E-4C99-8CB8-DE62780C5D41} = {FFDBC48D-015E-4C99-8CB8-DE62780C5D41}
		{0341BAC8-5A93-4FF9-8BBE-8F8B53A75868} = {0341BAC8-5A93-4FF9-8BBE-8F8B53A75868}
		{13DFA5DE-506F-494A-B77E-24CF1F733520} = {13DFA5DE-506F-494A-B77E-24CF1F733520}
	EndProjectSection
EndProject
Project("{8BC9CEB8-8B4A-11D0-8D11-00A0C91BC942}") = "vaudio_minimp3", "vaudio_minimp3\vaudio_minimp3.vcxproj", "{8C1AA44D-566F-42AA-BC8C-1BE5B2EADF4C}"
	ProjectSection(ProjectDependencies) = postProject
		{3E2B801C-0A7A-4DA9-8AFE-EA211B7547C6} = {3E2B801C-0A7A-4DA9-8AFE-EA211B7547C6}
		{76B77E36-F876-4A43-B290-058F5728024C} = {76B77E36-F876-4A43-B290-058F5728024C}
		{0341BAC8-5A93-4FF9-8BBE-8F8B53A75868} = {0341BAC8-5A93-4FF9-8BBE-8F8B53A75868}
	EndProjectSection
EndProject
Project("{8BC9CEB8-8B4A-11D0-8D11-00A0C91BC942}") = "vtex_dll", "vtex_dll\vtex_dll.vcxproj", "{E2B2445C-9B98-4C5E-B7B3-4251DB932600}"
	ProjectSection(ProjectDependencies) = postProject
		{3E2B801C-0A7A-4DA9-8AFE-EA211B7547C6} = {3E2B801C-0A7A-4DA9-8AFE-EA211B7547C6}
		{C024B624-CEBD-4C9B-AA96-9E2B90B00B67} = {C024B624-CEBD-4C9B-AA96-9E2B90B00B67}
		{76B77E36-F876-4A43-B290-058F5728024C} = {76B77E36-F876-4A43-B290-058F5728024C}
		{80D6D86C-B317-4979-AE2C-BEC18D731730} = {80D6D86C-B317-4979-AE2C-BEC18D731730}
		{FFDBC48D-015E-4C99-8CB8-DE62780C5D41} = {FFDBC48D-015E-4C99-8CB8-DE62780C5D41}
		{0341BAC8-5A93-4FF9-8BBE-8F8B53A75868} = {0341BAC8-5A93-4FF9-8BBE-8F8B53A75868}
		{3187C0F7-411A-4EA4-92CC-0792ECE3328B} = {3187C0F7-411A-4EA4-92CC-0792ECE3328B}
	EndProjectSection
EndProject
Project("{8BC9CEB8-8B4A-11D0-8D11-00A0C91BC942}") = "game_server_hl2", "game_server_hl2\game_server_hl2.vcxproj", "{EC1C69E8-DEEC-4421-B05F-6F5DB9A06030}"
	ProjectSection(ProjectDependencies) = postProject
		{BF7A7904-5BA3-40C0-B1CF-7378665BF86B} = {BF7A7904-5BA3-40C0-B1CF-7378665BF86B}
		{D6590513-096D-4F47-B312-A4A9DFBF1BB3} = {D6590513-096D-4F47-B312-A4A9DFBF1BB3}
		{3E2B801C-0A7A-4DA9-8AFE-EA211B7547C6} = {3E2B801C-0A7A-4DA9-8AFE-EA211B7547C6}
		{76B77E36-F876-4A43-B290-058F5728024C} = {76B77E36-F876-4A43-B290-058F5728024C}
		{80D6D86C-B317-4979-AE2C-BEC18D731730} = {80D6D86C-B317-4979-AE2C-BEC18D731730}
		{AB7D2372-76A4-4989-B316-C25CB12DA8D8} = {AB7D2372-76A4-4989-B316-C25CB12DA8D8}
		{FFDBC48D-015E-4C99-8CB8-DE62780C5D41} = {FFDBC48D-015E-4C99-8CB8-DE62780C5D41}
		{0341BAC8-5A93-4FF9-8BBE-8F8B53A75868} = {0341BAC8-5A93-4FF9-8BBE-8F8B53A75868}
		{13DFA5DE-506F-494A-B77E-24CF1F733520} = {13DFA5DE-506F-494A-B77E-24CF1F733520}
		{271C94FC-34CF-4AD8-9C84-375EF047CD34} = {271C94FC-34CF-4AD8-9C84-375EF047CD34}
	EndProjectSection
EndProject
Project("{8BC9CEB8-8B4A-11D0-8D11-00A0C91BC942}") = "particles", "particles\particles.vcxproj", "{AB7D2372-76A4-4989-B316-C25CB12DA8D8}"
	ProjectSection(ProjectDependencies) = postProject
		{3E2B801C-0A7A-4DA9-8AFE-EA211B7547C6} = {3E2B801C-0A7A-4DA9-8AFE-EA211B7547C6}
		{76B77E36-F876-4A43-B290-058F5728024C} = {76B77E36-F876-4A43-B290-058F5728024C}
		{80D6D86C-B317-4979-AE2C-BEC18D731730} = {80D6D86C-B317-4979-AE2C-BEC18D731730}
		{FFDBC48D-015E-4C99-8CB8-DE62780C5D41} = {FFDBC48D-015E-4C99-8CB8-DE62780C5D41}
		{0341BAC8-5A93-4FF9-8BBE-8F8B53A75868} = {0341BAC8-5A93-4FF9-8BBE-8F8B53A75868}
		{271C94FC-34CF-4AD8-9C84-375EF047CD34} = {271C94FC-34CF-4AD8-9C84-375EF047CD34}
	EndProjectSection
EndProject
Project("{8BC9CEB8-8B4A-11D0-8D11-00A0C91BC942}") = "choreoobjects", "choreoobjects\choreoobjects.vcxproj", "{BF7A7904-5BA3-40C0-B1CF-7378665BF86B}"
	ProjectSection(ProjectDependencies) = postProject
		{3E2B801C-0A7A-4DA9-8AFE-EA211B7547C6} = {3E2B801C-0A7A-4DA9-8AFE-EA211B7547C6}
		{76B77E36-F876-4A43-B290-058F5728024C} = {76B77E36-F876-4A43-B290-058F5728024C}
		{80D6D86C-B317-4979-AE2C-BEC18D731730} = {80D6D86C-B317-4979-AE2C-BEC18D731730}
		{FFDBC48D-015E-4C99-8CB8-DE62780C5D41} = {FFDBC48D-015E-4C99-8CB8-DE62780C5D41}
		{0341BAC8-5A93-4FF9-8BBE-8F8B53A75868} = {0341BAC8-5A93-4FF9-8BBE-8F8B53A75868}
	EndProjectSection
EndProject
Project("{8BC9CEB8-8B4A-11D0-8D11-00A0C91BC942}") = "game_client_hl2", "game_client_hl2\game_client_hl2.vcxproj", "{8D80C857-A02D-4BEF-A1A0-3281B4CA0C32}"
	ProjectSection(ProjectDependencies) = postProject
		{BF7A7904-5BA3-40C0-B1CF-7378665BF86B} = {BF7A7904-5BA3-40C0-B1CF-7378665BF86B}
		{EB77D90B-1DE8-4A00-A338-1FC6C47739D6} = {EB77D90B-1DE8-4A00-A338-1FC6C47739D6}
		{D6590513-096D-4F47-B312-A4A9DFBF1BB3} = {D6590513-096D-4F47-B312-A4A9DFBF1BB3}
		{3E2B801C-0A7A-4DA9-8AFE-EA211B7547C6} = {3E2B801C-0A7A-4DA9-8AFE-EA211B7547C6}
		{C024B624-CEBD-4C9B-AA96-9E2B90B00B67} = {C024B624-CEBD-4C9B-AA96-9E2B90B00B67}
		{0CDA7F2E-01B6-4770-B67F-B2DABE9CBE6C} = {0CDA7F2E-01B6-4770-B67F-B2DABE9CBE6C}
		{76B77E36-F876-4A43-B290-058F5728024C} = {76B77E36-F876-4A43-B290-058F5728024C}
		{80D6D86C-B317-4979-AE2C-BEC18D731730} = {80D6D86C-B317-4979-AE2C-BEC18D731730}
		{AB7D2372-76A4-4989-B316-C25CB12DA8D8} = {AB7D2372-76A4-4989-B316-C25CB12DA8D8}
		{FFDBC48D-015E-4C99-8CB8-DE62780C5D41} = {FFDBC48D-015E-4C99-8CB8-DE62780C5D41}
		{0341BAC8-5A93-4FF9-8BBE-8F8B53A75868} = {0341BAC8-5A93-4FF9-8BBE-8F8B53A75868}
		{13DFA5DE-506F-494A-B77E-24CF1F733520} = {13DFA5DE-506F-494A-B77E-24CF1F733520}
		{3187C0F7-411A-4EA4-92CC-0792ECE3328B} = {3187C0F7-411A-4EA4-92CC-0792ECE3328B}
		{271C94FC-34CF-4AD8-9C84-375EF047CD34} = {271C94FC-34CF-4AD8-9C84-375EF047CD34}
	EndProjectSection
EndProject
Project("{8BC9CEB8-8B4A-11D0-8D11-00A0C91BC942}") = "GameUI", "GameUI\GameUI.vcxproj", "{3E94700D-42A4-4EF0-82F8-E0E2712E4B24}"
	ProjectSection(ProjectDependencies) = postProject
		{EB77D90B-1DE8-4A00-A338-1FC6C47739D6} = {EB77D90B-1DE8-4A00-A338-1FC6C47739D6}
		{D6590513-096D-4F47-B312-A4A9DFBF1BB3} = {D6590513-096D-4F47-B312-A4A9DFBF1BB3}
		{3E2B801C-0A7A-4DA9-8AFE-EA211B7547C6} = {3E2B801C-0A7A-4DA9-8AFE-EA211B7547C6}
		{C024B624-CEBD-4C9B-AA96-9E2B90B00B67} = {C024B624-CEBD-4C9B-AA96-9E2B90B00B67}
		{0CDA7F2E-01B6-4770-B67F-B2DABE9CBE6C} = {0CDA7F2E-01B6-4770-B67F-B2DABE9CBE6C}
		{76B77E36-F876-4A43-B290-058F5728024C} = {76B77E36-F876-4A43-B290-058F5728024C}
		{80D6D86C-B317-4979-AE2C-BEC18D731730} = {80D6D86C-B317-4979-AE2C-BEC18D731730}
		{FFDBC48D-015E-4C99-8CB8-DE62780C5D41} = {FFDBC48D-015E-4C99-8CB8-DE62780C5D41}
		{0341BAC8-5A93-4FF9-8BBE-8F8B53A75868} = {0341BAC8-5A93-4FF9-8BBE-8F8B53A75868}
		{13DFA5DE-506F-494A-B77E-24CF1F733520} = {13DFA5DE-506F-494A-B77E-24CF1F733520}
		{3187C0F7-411A-4EA4-92CC-0792ECE3328B} = {3187C0F7-411A-4EA4-92CC-0792ECE3328B}
	EndProjectSection
EndProject
Project("{8BC9CEB8-8B4A-11D0-8D11-00A0C91BC942}") = "togl", "togl\togl.vcxproj", "{2B2C755F-DD83-4915-89FD-B0228B8A5F8A}"
EndProject
Project("{8BC9CEB8-8B4A-11D0-8D11-00A0C91BC942}") = "gane_client_cstrike", "gane_client_cstrike\gane_client_cstrike.vcxproj", "{DBCE1B89-5980-496D-9366-13A2DD3C2179}"
	ProjectSection(ProjectDependencies) = postProject
		{BF7A7904-5BA3-40C0-B1CF-7378665BF86B} = {BF7A7904-5BA3-40C0-B1CF-7378665BF86B}
		{EB77D90B-1DE8-4A00-A338-1FC6C47739D6} = {EB77D90B-1DE8-4A00-A338-1FC6C47739D6}
		{D6590513-096D-4F47-B312-A4A9DFBF1BB3} = {D6590513-096D-4F47-B312-A4A9DFBF1BB3}
		{3E2B801C-0A7A-4DA9-8AFE-EA211B7547C6} = {3E2B801C-0A7A-4DA9-8AFE-EA211B7547C6}
		{C024B624-CEBD-4C9B-AA96-9E2B90B00B67} = {C024B624-CEBD-4C9B-AA96-9E2B90B00B67}
		{0CDA7F2E-01B6-4770-B67F-B2DABE9CBE6C} = {0CDA7F2E-01B6-4770-B67F-B2DABE9CBE6C}
		{76B77E36-F876-4A43-B290-058F5728024C} = {76B77E36-F876-4A43-B290-058F5728024C}
		{8D80C857-A02D-4BEF-A1A0-3281B4CA0C32} = {8D80C857-A02D-4BEF-A1A0-3281B4CA0C32}
		{80D6D86C-B317-4979-AE2C-BEC18D731730} = {80D6D86C-B317-4979-AE2C-BEC18D731730}
		{AB7D2372-76A4-4989-B316-C25CB12DA8D8} = {AB7D2372-76A4-4989-B316-C25CB12DA8D8}
		{FFDBC48D-015E-4C99-8CB8-DE62780C5D41} = {FFDBC48D-015E-4C99-8CB8-DE62780C5D41}
		{0341BAC8-5A93-4FF9-8BBE-8F8B53A75868} = {0341BAC8-5A93-4FF9-8BBE-8F8B53A75868}
		{13DFA5DE-506F-494A-B77E-24CF1F733520} = {13DFA5DE-506F-494A-B77E-24CF1F733520}
		{3187C0F7-411A-4EA4-92CC-0792ECE3328B} = {3187C0F7-411A-4EA4-92CC-0792ECE3328B}
		{271C94FC-34CF-4AD8-9C84-375EF047CD34} = {271C94FC-34CF-4AD8-9C84-375EF047CD34}
	EndProjectSection
EndProject
Project("{8BC9CEB8-8B4A-11D0-8D11-00A0C91BC942}") = "gane_server_cstrike", "gane_server_cstrike\gane_server_cstrike.vcxproj", "{347357D5-8463-406B-B26D-58C33EAFC415}"
	ProjectSection(ProjectDependencies) = postProject
		{BF7A7904-5BA3-40C0-B1CF-7378665BF86B} = {BF7A7904-5BA3-40C0-B1CF-7378665BF86B}
		{D6590513-096D-4F47-B312-A4A9DFBF1BB3} = {D6590513-096D-4F47-B312-A4A9DFBF1BB3}
		{3E2B801C-0A7A-4DA9-8AFE-EA211B7547C6} = {3E2B801C-0A7A-4DA9-8AFE-EA211B7547C6}
		{76B77E36-F876-4A43-B290-058F5728024C} = {76B77E36-F876-4A43-B290-058F5728024C}
		{80D6D86C-B317-4979-AE2C-BEC18D731730} = {80D6D86C-B317-4979-AE2C-BEC18D731730}
		{AB7D2372-76A4-4989-B316-C25CB12DA8D8} = {AB7D2372-76A4-4989-B316-C25CB12DA8D8}
		{FFDBC48D-015E-4C99-8CB8-DE62780C5D41} = {FFDBC48D-015E-4C99-8CB8-DE62780C5D41}
		{0341BAC8-5A93-4FF9-8BBE-8F8B53A75868} = {0341BAC8-5A93-4FF9-8BBE-8F8B53A75868}
		{13DFA5DE-506F-494A-B77E-24CF1F733520} = {13DFA5DE-506F-494A-B77E-24CF1F733520}
		{EC1C69E8-DEEC-4421-B05F-6F5DB9A06030} = {EC1C69E8-DEEC-4421-B05F-6F5DB9A06030}
		{271C94FC-34CF-4AD8-9C84-375EF047CD34} = {271C94FC-34CF-4AD8-9C84-375EF047CD34}
	EndProjectSection
EndProject
Global
	GlobalSection(SolutionConfigurationPlatforms) = preSolution
		Debug|x64 = Debug|x64
		Debug|x86 = Debug|x86
		Release|x64 = Release|x64
		Release|x86 = Release|x86
	EndGlobalSection
	GlobalSection(ProjectConfigurationPlatforms) = postSolution
		{0341BAC8-5A93-4FF9-8BBE-8F8B53A75868}.Debug|x64.ActiveCfg = Debug|x64
		{0341BAC8-5A93-4FF9-8BBE-8F8B53A75868}.Debug|x64.Build.0 = Debug|x64
		{0341BAC8-5A93-4FF9-8BBE-8F8B53A75868}.Debug|x86.ActiveCfg = Debug|Win32
		{0341BAC8-5A93-4FF9-8BBE-8F8B53A75868}.Debug|x86.Build.0 = Debug|Win32
		{0341BAC8-5A93-4FF9-8BBE-8F8B53A75868}.Release|x64.ActiveCfg = Release|x64
		{0341BAC8-5A93-4FF9-8BBE-8F8B53A75868}.Release|x64.Build.0 = Release|x64
		{0341BAC8-5A93-4FF9-8BBE-8F8B53A75868}.Release|x86.ActiveCfg = Release|Win32
		{0341BAC8-5A93-4FF9-8BBE-8F8B53A75868}.Release|x86.Build.0 = Release|Win32
		{3E2B801C-0A7A-4DA9-8AFE-EA211B7547C6}.Debug|x64.ActiveCfg = Debug|x64
		{3E2B801C-0A7A-4DA9-8AFE-EA211B7547C6}.Debug|x64.Build.0 = Debug|x64
		{3E2B801C-0A7A-4DA9-8AFE-EA211B7547C6}.Debug|x86.ActiveCfg = Debug|Win32
		{3E2B801C-0A7A-4DA9-8AFE-EA211B7547C6}.Debug|x86.Build.0 = Debug|Win32
		{3E2B801C-0A7A-4DA9-8AFE-EA211B7547C6}.Release|x64.ActiveCfg = Release|x64
		{3E2B801C-0A7A-4DA9-8AFE-EA211B7547C6}.Release|x64.Build.0 = Release|x64
		{3E2B801C-0A7A-4DA9-8AFE-EA211B7547C6}.Release|x86.ActiveCfg = Release|Win32
		{3E2B801C-0A7A-4DA9-8AFE-EA211B7547C6}.Release|x86.Build.0 = Release|Win32
		{76B77E36-F876-4A43-B290-058F5728024C}.Debug|x64.ActiveCfg = Debug|x64
		{76B77E36-F876-4A43-B290-058F5728024C}.Debug|x64.Build.0 = Debug|x64
		{76B77E36-F876-4A43-B290-058F5728024C}.Debug|x86.ActiveCfg = Debug|Win32
		{76B77E36-F876-4A43-B290-058F5728024C}.Debug|x86.Build.0 = Debug|Win32
		{76B77E36-F876-4A43-B290-058F5728024C}.Release|x64.ActiveCfg = Release|x64
		{76B77E36-F876-4A43-B290-058F5728024C}.Release|x64.Build.0 = Release|x64
		{76B77E36-F876-4A43-B290-058F5728024C}.Release|x86.ActiveCfg = Release|Win32
		{76B77E36-F876-4A43-B290-058F5728024C}.Release|x86.Build.0 = Release|Win32
		{FFDBC48D-015E-4C99-8CB8-DE62780C5D41}.Debug|x64.ActiveCfg = Debug|x64
		{FFDBC48D-015E-4C99-8CB8-DE62780C5D41}.Debug|x64.Build.0 = Debug|x64
		{FFDBC48D-015E-4C99-8CB8-DE62780C5D41}.Debug|x86.ActiveCfg = Debug|Win32
		{FFDBC48D-015E-4C99-8CB8-DE62780C5D41}.Debug|x86.Build.0 = Debug|Win32
		{FFDBC48D-015E-4C99-8CB8-DE62780C5D41}.Release|x64.ActiveCfg = Release|x64
		{FFDBC48D-015E-4C99-8CB8-DE62780C5D41}.Release|x64.Build.0 = Release|x64
		{FFDBC48D-015E-4C99-8CB8-DE62780C5D41}.Release|x86.ActiveCfg = Release|Win32
		{FFDBC48D-015E-4C99-8CB8-DE62780C5D41}.Release|x86.Build.0 = Release|Win32
		{80D6D86C-B317-4979-AE2C-BEC18D731730}.Debug|x64.ActiveCfg = Debug|x64
		{80D6D86C-B317-4979-AE2C-BEC18D731730}.Debug|x64.Build.0 = Debug|x64
		{80D6D86C-B317-4979-AE2C-BEC18D731730}.Debug|x86.ActiveCfg = Debug|Win32
		{80D6D86C-B317-4979-AE2C-BEC18D731730}.Debug|x86.Build.0 = Debug|Win32
		{80D6D86C-B317-4979-AE2C-BEC18D731730}.Release|x64.ActiveCfg = Release|x64
		{80D6D86C-B317-4979-AE2C-BEC18D731730}.Release|x64.Build.0 = Release|x64
		{80D6D86C-B317-4979-AE2C-BEC18D731730}.Release|x86.ActiveCfg = Release|Win32
		{80D6D86C-B317-4979-AE2C-BEC18D731730}.Release|x86.Build.0 = Release|Win32
		{CE7DA260-B9F5-48C0-83A5-BB6BC7FD1440}.Debug|x64.ActiveCfg = Debug|x64
		{CE7DA260-B9F5-48C0-83A5-BB6BC7FD1440}.Debug|x64.Build.0 = Debug|x64
		{CE7DA260-B9F5-48C0-83A5-BB6BC7FD1440}.Debug|x86.ActiveCfg = Debug|Win32
		{CE7DA260-B9F5-48C0-83A5-BB6BC7FD1440}.Debug|x86.Build.0 = Debug|Win32
		{CE7DA260-B9F5-48C0-83A5-BB6BC7FD1440}.Release|x64.ActiveCfg = Release|x64
		{CE7DA260-B9F5-48C0-83A5-BB6BC7FD1440}.Release|x64.Build.0 = Release|x64
		{CE7DA260-B9F5-48C0-83A5-BB6BC7FD1440}.Release|x86.ActiveCfg = Release|Win32
		{CE7DA260-B9F5-48C0-83A5-BB6BC7FD1440}.Release|x86.Build.0 = Release|Win32
		{D6590513-096D-4F47-B312-A4A9DFBF1BB3}.Debug|x64.ActiveCfg = Debug|x64
		{D6590513-096D-4F47-B312-A4A9DFBF1BB3}.Debug|x64.Build.0 = Debug|x64
		{D6590513-096D-4F47-B312-A4A9DFBF1BB3}.Debug|x86.ActiveCfg = Debug|Win32
		{D6590513-096D-4F47-B312-A4A9DFBF1BB3}.Debug|x86.Build.0 = Debug|Win32
		{D6590513-096D-4F47-B312-A4A9DFBF1BB3}.Release|x64.ActiveCfg = Release|x64
		{D6590513-096D-4F47-B312-A4A9DFBF1BB3}.Release|x64.Build.0 = Release|x64
		{D6590513-096D-4F47-B312-A4A9DFBF1BB3}.Release|x86.ActiveCfg = Release|Win32
		{D6590513-096D-4F47-B312-A4A9DFBF1BB3}.Release|x86.Build.0 = Release|Win32
		{13DFA5DE-506F-494A-B77E-24CF1F733520}.Debug|x64.ActiveCfg = Debug|x64
		{13DFA5DE-506F-494A-B77E-24CF1F733520}.Debug|x64.Build.0 = Debug|x64
		{13DFA5DE-506F-494A-B77E-24CF1F733520}.Debug|x86.ActiveCfg = Debug|Win32
		{13DFA5DE-506F-494A-B77E-24CF1F733520}.Debug|x86.Build.0 = Debug|Win32
		{13DFA5DE-506F-494A-B77E-24CF1F733520}.Release|x64.ActiveCfg = Release|x64
		{13DFA5DE-506F-494A-B77E-24CF1F733520}.Release|x64.Build.0 = Release|x64
		{13DFA5DE-506F-494A-B77E-24CF1F733520}.Release|x86.ActiveCfg = Release|Win32
		{13DFA5DE-506F-494A-B77E-24CF1F733520}.Release|x86.Build.0 = Release|Win32
		{BF8AFBEB-0EED-4319-AA5F-AE61B1EBF1C8}.Debug|x64.ActiveCfg = Debug|x64
		{BF8AFBEB-0EED-4319-AA5F-AE61B1EBF1C8}.Debug|x64.Build.0 = Debug|x64
		{BF8AFBEB-0EED-4319-AA5F-AE61B1EBF1C8}.Debug|x86.ActiveCfg = Debug|Win32
		{BF8AFBEB-0EED-4319-AA5F-AE61B1EBF1C8}.Debug|x86.Build.0 = Debug|Win32
		{BF8AFBEB-0EED-4319-AA5F-AE61B1EBF1C8}.Release|x64.ActiveCfg = Release|x64
		{BF8AFBEB-0EED-4319-AA5F-AE61B1EBF1C8}.Release|x64.Build.0 = Release|x64
		{BF8AFBEB-0EED-4319-AA5F-AE61B1EBF1C8}.Release|x86.ActiveCfg = Release|Win32
		{BF8AFBEB-0EED-4319-AA5F-AE61B1EBF1C8}.Release|x86.Build.0 = Release|Win32
		{EB77D90B-1DE8-4A00-A338-1FC6C47739D6}.Debug|x64.ActiveCfg = Debug|x64
		{EB77D90B-1DE8-4A00-A338-1FC6C47739D6}.Debug|x64.Build.0 = Debug|x64
		{EB77D90B-1DE8-4A00-A338-1FC6C47739D6}.Debug|x86.ActiveCfg = Debug|Win32
		{EB77D90B-1DE8-4A00-A338-1FC6C47739D6}.Debug|x86.Build.0 = Debug|Win32
		{EB77D90B-1DE8-4A00-A338-1FC6C47739D6}.Release|x64.ActiveCfg = Release|x64
		{EB77D90B-1DE8-4A00-A338-1FC6C47739D6}.Release|x64.Build.0 = Release|x64
		{EB77D90B-1DE8-4A00-A338-1FC6C47739D6}.Release|x86.ActiveCfg = Release|Win32
		{EB77D90B-1DE8-4A00-A338-1FC6C47739D6}.Release|x86.Build.0 = Release|Win32
		{0CDA7F2E-01B6-4770-B67F-B2DABE9CBE6C}.Debug|x64.ActiveCfg = Debug|x64
		{0CDA7F2E-01B6-4770-B67F-B2DABE9CBE6C}.Debug|x64.Build.0 = Debug|x64
		{0CDA7F2E-01B6-4770-B67F-B2DABE9CBE6C}.Debug|x86.ActiveCfg = Debug|Win32
		{0CDA7F2E-01B6-4770-B67F-B2DABE9CBE6C}.Debug|x86.Build.0 = Debug|Win32
		{0CDA7F2E-01B6-4770-B67F-B2DABE9CBE6C}.Release|x64.ActiveCfg = Release|x64
		{0CDA7F2E-01B6-4770-B67F-B2DABE9CBE6C}.Release|x64.Build.0 = Release|x64
		{0CDA7F2E-01B6-4770-B67F-B2DABE9CBE6C}.Release|x86.ActiveCfg = Release|Win32
		{0CDA7F2E-01B6-4770-B67F-B2DABE9CBE6C}.Release|x86.Build.0 = Release|Win32
		{3187C0F7-411A-4EA4-92CC-0792ECE3328B}.Debug|x64.ActiveCfg = Debug|x64
		{3187C0F7-411A-4EA4-92CC-0792ECE3328B}.Debug|x64.Build.0 = Debug|x64
		{3187C0F7-411A-4EA4-92CC-0792ECE3328B}.Debug|x86.ActiveCfg = Debug|Win32
		{3187C0F7-411A-4EA4-92CC-0792ECE3328B}.Debug|x86.Build.0 = Debug|Win32
		{3187C0F7-411A-4EA4-92CC-0792ECE3328B}.Release|x64.ActiveCfg = Release|x64
		{3187C0F7-411A-4EA4-92CC-0792ECE3328B}.Release|x64.Build.0 = Release|x64
		{3187C0F7-411A-4EA4-92CC-0792ECE3328B}.Release|x86.ActiveCfg = Release|Win32
		{3187C0F7-411A-4EA4-92CC-0792ECE3328B}.Release|x86.Build.0 = Release|Win32
		{271C94FC-34CF-4AD8-9C84-375EF047CD34}.Debug|x64.ActiveCfg = Debug|x64
		{271C94FC-34CF-4AD8-9C84-375EF047CD34}.Debug|x64.Build.0 = Debug|x64
		{271C94FC-34CF-4AD8-9C84-375EF047CD34}.Debug|x86.ActiveCfg = Debug|Win32
		{271C94FC-34CF-4AD8-9C84-375EF047CD34}.Debug|x86.Build.0 = Debug|Win32
		{271C94FC-34CF-4AD8-9C84-375EF047CD34}.Release|x64.ActiveCfg = Release|x64
		{271C94FC-34CF-4AD8-9C84-375EF047CD34}.Release|x64.Build.0 = Release|x64
		{271C94FC-34CF-4AD8-9C84-375EF047CD34}.Release|x86.ActiveCfg = Release|Win32
		{271C94FC-34CF-4AD8-9C84-375EF047CD34}.Release|x86.Build.0 = Release|Win32
		{F741DAE3-16CB-4628-B260-827982683536}.Debug|x64.ActiveCfg = Debug|x64
		{F741DAE3-16CB-4628-B260-827982683536}.Debug|x64.Build.0 = Debug|x64
		{F741DAE3-16CB-4628-B260-827982683536}.Debug|x86.ActiveCfg = Debug|Win32
		{F741DAE3-16CB-4628-B260-827982683536}.Debug|x86.Build.0 = Debug|Win32
		{F741DAE3-16CB-4628-B260-827982683536}.Release|x64.ActiveCfg = Release|x64
		{F741DAE3-16CB-4628-B260-827982683536}.Release|x64.Build.0 = Release|x64
		{F741DAE3-16CB-4628-B260-827982683536}.Release|x86.ActiveCfg = Release|Win32
		{F741DAE3-16CB-4628-B260-827982683536}.Release|x86.Build.0 = Release|Win32
		{0CA35523-949B-4CD8-9C9E-243928E7F954}.Debug|x64.ActiveCfg = Debug|x64
		{0CA35523-949B-4CD8-9C9E-243928E7F954}.Debug|x64.Build.0 = Debug|x64
		{0CA35523-949B-4CD8-9C9E-243928E7F954}.Debug|x86.ActiveCfg = Debug|Win32
		{0CA35523-949B-4CD8-9C9E-243928E7F954}.Debug|x86.Build.0 = Debug|Win32
		{0CA35523-949B-4CD8-9C9E-243928E7F954}.Release|x64.ActiveCfg = Release|x64
		{0CA35523-949B-4CD8-9C9E-243928E7F954}.Release|x64.Build.0 = Release|x64
		{0CA35523-949B-4CD8-9C9E-243928E7F954}.Release|x86.ActiveCfg = Release|Win32
		{0CA35523-949B-4CD8-9C9E-243928E7F954}.Release|x86.Build.0 = Release|Win32
		{2DF15A5C-E31C-494A-8ED1-E415CC76612D}.Debug|x64.ActiveCfg = Debug|x64
		{2DF15A5C-E31C-494A-8ED1-E415CC76612D}.Debug|x64.Build.0 = Debug|x64
		{2DF15A5C-E31C-494A-8ED1-E415CC76612D}.Debug|x86.ActiveCfg = Debug|Win32
		{2DF15A5C-E31C-494A-8ED1-E415CC76612D}.Debug|x86.Build.0 = Debug|Win32
		{2DF15A5C-E31C-494A-8ED1-E415CC76612D}.Release|x64.ActiveCfg = Release|x64
		{2DF15A5C-E31C-494A-8ED1-E415CC76612D}.Release|x64.Build.0 = Release|x64
		{2DF15A5C-E31C-494A-8ED1-E415CC76612D}.Release|x86.ActiveCfg = Release|Win32
		{2DF15A5C-E31C-494A-8ED1-E415CC76612D}.Release|x86.Build.0 = Release|Win32
		{0D29005F-DFDD-4E9A-8686-B56FD4B57073}.Debug|x64.ActiveCfg = Debug|x64
		{0D29005F-DFDD-4E9A-8686-B56FD4B57073}.Debug|x64.Build.0 = Debug|x64
		{0D29005F-DFDD-4E9A-8686-B56FD4B57073}.Debug|x86.ActiveCfg = Debug|Win32
		{0D29005F-DFDD-4E9A-8686-B56FD4B57073}.Debug|x86.Build.0 = Debug|Win32
		{0D29005F-DFDD-4E9A-8686-B56FD4B57073}.Release|x64.ActiveCfg = Release|x64
		{0D29005F-DFDD-4E9A-8686-B56FD4B57073}.Release|x64.Build.0 = Release|x64
		{0D29005F-DFDD-4E9A-8686-B56FD4B57073}.Release|x86.ActiveCfg = Release|Win32
		{0D29005F-DFDD-4E9A-8686-B56FD4B57073}.Release|x86.Build.0 = Release|Win32
		{34B6B98E-C0BE-4D3E-818C-2E1E10EE08D1}.Debug|x64.ActiveCfg = Debug|x64
		{34B6B98E-C0BE-4D3E-818C-2E1E10EE08D1}.Debug|x64.Build.0 = Debug|x64
		{34B6B98E-C0BE-4D3E-818C-2E1E10EE08D1}.Debug|x86.ActiveCfg = Debug|Win32
		{34B6B98E-C0BE-4D3E-818C-2E1E10EE08D1}.Debug|x86.Build.0 = Debug|Win32
		{34B6B98E-C0BE-4D3E-818C-2E1E10EE08D1}.Release|x64.ActiveCfg = Release|x64
		{34B6B98E-C0BE-4D3E-818C-2E1E10EE08D1}.Release|x64.Build.0 = Release|x64
		{34B6B98E-C0BE-4D3E-818C-2E1E10EE08D1}.Release|x86.ActiveCfg = Release|Win32
		{34B6B98E-C0BE-4D3E-818C-2E1E10EE08D1}.Release|x86.Build.0 = Release|Win32
		{C024B624-CEBD-4C9B-AA96-9E2B90B00B67}.Debug|x64.ActiveCfg = Debug|x64
		{C024B624-CEBD-4C9B-AA96-9E2B90B00B67}.Debug|x64.Build.0 = Debug|x64
		{C024B624-CEBD-4C9B-AA96-9E2B90B00B67}.Debug|x86.ActiveCfg = Debug|Win32
		{C024B624-CEBD-4C9B-AA96-9E2B90B00B67}.Debug|x86.Build.0 = Debug|Win32
		{C024B624-CEBD-4C9B-AA96-9E2B90B00B67}.Release|x64.ActiveCfg = Release|x64
		{C024B624-CEBD-4C9B-AA96-9E2B90B00B67}.Release|x64.Build.0 = Release|x64
		{C024B624-CEBD-4C9B-AA96-9E2B90B00B67}.Release|x86.ActiveCfg = Release|Win32
		{C024B624-CEBD-4C9B-AA96-9E2B90B00B67}.Release|x86.Build.0 = Release|Win32
		{35D4BF75-72AB-4C36-9EE6-A5A4A3DC30DC}.Debug|x64.ActiveCfg = Debug|x64
		{35D4BF75-72AB-4C36-9EE6-A5A4A3DC30DC}.Debug|x64.Build.0 = Debug|x64
		{35D4BF75-72AB-4C36-9EE6-A5A4A3DC30DC}.Debug|x86.ActiveCfg = Debug|Win32
		{35D4BF75-72AB-4C36-9EE6-A5A4A3DC30DC}.Debug|x86.Build.0 = Debug|Win32
		{35D4BF75-72AB-4C36-9EE6-A5A4A3DC30DC}.Release|x64.ActiveCfg = Release|x64
		{35D4BF75-72AB-4C36-9EE6-A5A4A3DC30DC}.Release|x64.Build.0 = Release|x64
		{35D4BF75-72AB-4C36-9EE6-A5A4A3DC30DC}.Release|x86.ActiveCfg = Release|Win32
		{35D4BF75-72AB-4C36-9EE6-A5A4A3DC30DC}.Release|x86.Build.0 = Release|Win32
		{22252426-CA38-4C51-B344-093A0FA1BEED}.Debug|x64.ActiveCfg = Debug|x64
		{22252426-CA38-4C51-B344-093A0FA1BEED}.Debug|x64.Build.0 = Debug|x64
		{22252426-CA38-4C51-B344-093A0FA1BEED}.Debug|x86.ActiveCfg = Debug|Win32
		{22252426-CA38-4C51-B344-093A0FA1BEED}.Debug|x86.Build.0 = Debug|Win32
		{22252426-CA38-4C51-B344-093A0FA1BEED}.Release|x64.ActiveCfg = Release|x64
		{22252426-CA38-4C51-B344-093A0FA1BEED}.Release|x64.Build.0 = Release|x64
		{22252426-CA38-4C51-B344-093A0FA1BEED}.Release|x86.ActiveCfg = Release|Win32
		{22252426-CA38-4C51-B344-093A0FA1BEED}.Release|x86.Build.0 = Release|Win32
		{7A068A6D-433C-436A-AB8E-01D347CAFFE6}.Debug|x64.ActiveCfg = Debug|x64
		{7A068A6D-433C-436A-AB8E-01D347CAFFE6}.Debug|x64.Build.0 = Debug|x64
		{7A068A6D-433C-436A-AB8E-01D347CAFFE6}.Debug|x86.ActiveCfg = Debug|Win32
		{7A068A6D-433C-436A-AB8E-01D347CAFFE6}.Debug|x86.Build.0 = Debug|Win32
		{7A068A6D-433C-436A-AB8E-01D347CAFFE6}.Release|x64.ActiveCfg = Release|x64
		{7A068A6D-433C-436A-AB8E-01D347CAFFE6}.Release|x64.Build.0 = Release|x64
		{7A068A6D-433C-436A-AB8E-01D347CAFFE6}.Release|x86.ActiveCfg = Release|Win32
		{7A068A6D-433C-436A-AB8E-01D347CAFFE6}.Release|x86.Build.0 = Release|Win32
		{EDAB26B8-9FB7-4C0F-9413-61AEA4E61CE2}.Debug|x64.ActiveCfg = Debug|x64
		{EDAB26B8-9FB7-4C0F-9413-61AEA4E61CE2}.Debug|x64.Build.0 = Debug|x64
		{EDAB26B8-9FB7-4C0F-9413-61AEA4E61CE2}.Debug|x86.ActiveCfg = Debug|Win32
		{EDAB26B8-9FB7-4C0F-9413-61AEA4E61CE2}.Debug|x86.Build.0 = Debug|Win32
		{EDAB26B8-9FB7-4C0F-9413-61AEA4E61CE2}.Release|x64.ActiveCfg = Release|x64
		{EDAB26B8-9FB7-4C0F-9413-61AEA4E61CE2}.Release|x64.Build.0 = Release|x64
		{EDAB26B8-9FB7-4C0F-9413-61AEA4E61CE2}.Release|x86.ActiveCfg = Release|Win32
		{EDAB26B8-9FB7-4C0F-9413-61AEA4E61CE2}.Release|x86.Build.0 = Release|Win32
		{7101A7E2-3DE4-48F6-BB3C-FB91114C291C}.Debug|x64.ActiveCfg = Debug|x64
		{7101A7E2-3DE4-48F6-BB3C-FB91114C291C}.Debug|x64.Build.0 = Debug|x64
		{7101A7E2-3DE4-48F6-BB3C-FB91114C291C}.Debug|x86.ActiveCfg = Debug|Win32
		{7101A7E2-3DE4-48F6-BB3C-FB91114C291C}.Debug|x86.Build.0 = Debug|Win32
		{7101A7E2-3DE4-48F6-BB3C-FB91114C291C}.Release|x64.ActiveCfg = Release|x64
		{7101A7E2-3DE4-48F6-BB3C-FB91114C291C}.Release|x64.Build.0 = Release|x64
		{7101A7E2-3DE4-48F6-BB3C-FB91114C291C}.Release|x86.ActiveCfg = Release|Win32
		{7101A7E2-3DE4-48F6-BB3C-FB91114C291C}.Release|x86.Build.0 = Release|Win32
		{AB62B6A5-D034-48C3-AE40-F79134FC400F}.Debug|x64.ActiveCfg = Debug|x64
		{AB62B6A5-D034-48C3-AE40-F79134FC400F}.Debug|x64.Build.0 = Debug|x64
		{AB62B6A5-D034-48C3-AE40-F79134FC400F}.Debug|x86.ActiveCfg = Debug|Win32
		{AB62B6A5-D034-48C3-AE40-F79134FC400F}.Debug|x86.Build.0 = Debug|Win32
		{AB62B6A5-D034-48C3-AE40-F79134FC400F}.Release|x64.ActiveCfg = Release|x64
		{AB62B6A5-D034-48C3-AE40-F79134FC400F}.Release|x64.Build.0 = Release|x64
		{AB62B6A5-D034-48C3-AE40-F79134FC400F}.Release|x86.ActiveCfg = Release|Win32
		{AB62B6A5-D034-48C3-AE40-F79134FC400F}.Release|x86.Build.0 = Release|Win32
		{B1255CCC-C7B1-4599-B67F-AC7833DA3562}.Debug|x64.ActiveCfg = Debug|x64
		{B1255CCC-C7B1-4599-B67F-AC7833DA3562}.Debug|x64.Build.0 = Debug|x64
		{B1255CCC-C7B1-4599-B67F-AC7833DA3562}.Debug|x86.ActiveCfg = Debug|Win32
		{B1255CCC-C7B1-4599-B67F-AC7833DA3562}.Debug|x86.Build.0 = Debug|Win32
		{B1255CCC-C7B1-4599-B67F-AC7833DA3562}.Release|x64.ActiveCfg = Release|x64
		{B1255CCC-C7B1-4599-B67F-AC7833DA3562}.Release|x64.Build.0 = Release|x64
		{B1255CCC-C7B1-4599-B67F-AC7833DA3562}.Release|x86.ActiveCfg = Release|Win32
		{B1255CCC-C7B1-4599-B67F-AC7833DA3562}.Release|x86.Build.0 = Release|Win32
		{A00D8185-8716-464D-85B4-7B65DC70F2B3}.Debug|x64.ActiveCfg = Debug|x64
		{A00D8185-8716-464D-85B4-7B65DC70F2B3}.Debug|x64.Build.0 = Debug|x64
		{A00D8185-8716-464D-85B4-7B65DC70F2B3}.Debug|x86.ActiveCfg = Debug|Win32
		{A00D8185-8716-464D-85B4-7B65DC70F2B3}.Debug|x86.Build.0 = Debug|Win32
		{A00D8185-8716-464D-85B4-7B65DC70F2B3}.Release|x64.ActiveCfg = Release|x64
		{A00D8185-8716-464D-85B4-7B65DC70F2B3}.Release|x64.Build.0 = Release|x64
		{A00D8185-8716-464D-85B4-7B65DC70F2B3}.Release|x86.ActiveCfg = Release|Win32
		{A00D8185-8716-464D-85B4-7B65DC70F2B3}.Release|x86.Build.0 = Release|Win32
		{0551FFE4-58F5-4FB6-A7D4-B66643E06327}.Debug|x64.ActiveCfg = Debug|x64
		{0551FFE4-58F5-4FB6-A7D4-B66643E06327}.Debug|x64.Build.0 = Debug|x64
		{0551FFE4-58F5-4FB6-A7D4-B66643E06327}.Debug|x86.ActiveCfg = Debug|Win32
		{0551FFE4-58F5-4FB6-A7D4-B66643E06327}.Debug|x86.Build.0 = Debug|Win32
		{0551FFE4-58F5-4FB6-A7D4-B66643E06327}.Release|x64.ActiveCfg = Release|x64
		{0551FFE4-58F5-4FB6-A7D4-B66643E06327}.Release|x64.Build.0 = Release|x64
		{0551FFE4-58F5-4FB6-A7D4-B66643E06327}.Release|x86.ActiveCfg = Release|Win32
		{0551FFE4-58F5-4FB6-A7D4-B66643E06327}.Release|x86.Build.0 = Release|Win32
		{945A5079-1347-45AC-9270-8F272E535B84}.Debug|x64.ActiveCfg = Debug|x64
		{945A5079-1347-45AC-9270-8F272E535B84}.Debug|x64.Build.0 = Debug|x64
		{945A5079-1347-45AC-9270-8F272E535B84}.Debug|x86.ActiveCfg = Debug|Win32
		{945A5079-1347-45AC-9270-8F272E535B84}.Debug|x86.Build.0 = Debug|Win32
		{945A5079-1347-45AC-9270-8F272E535B84}.Release|x64.ActiveCfg = Release|x64
		{945A5079-1347-45AC-9270-8F272E535B84}.Release|x64.Build.0 = Release|x64
		{945A5079-1347-45AC-9270-8F272E535B84}.Release|x86.ActiveCfg = Release|Win32
		{945A5079-1347-45AC-9270-8F272E535B84}.Release|x86.Build.0 = Release|Win32
		{47800747-F239-47DB-90E6-B6DBA07EF66B}.Debug|x64.ActiveCfg = Debug|x64
		{47800747-F239-47DB-90E6-B6DBA07EF66B}.Debug|x64.Build.0 = Debug|x64
		{47800747-F239-47DB-90E6-B6DBA07EF66B}.Debug|x86.ActiveCfg = Debug|Win32
		{47800747-F239-47DB-90E6-B6DBA07EF66B}.Debug|x86.Build.0 = Debug|Win32
		{47800747-F239-47DB-90E6-B6DBA07EF66B}.Release|x64.ActiveCfg = Release|x64
		{47800747-F239-47DB-90E6-B6DBA07EF66B}.Release|x64.Build.0 = Release|x64
		{47800747-F239-47DB-90E6-B6DBA07EF66B}.Release|x86.ActiveCfg = Release|Win32
		{47800747-F239-47DB-90E6-B6DBA07EF66B}.Release|x86.Build.0 = Release|Win32
		{FEBCF479-411D-4A07-A3A5-6226970FC0A3}.Debug|x64.ActiveCfg = Debug|x64
		{FEBCF479-411D-4A07-A3A5-6226970FC0A3}.Debug|x64.Build.0 = Debug|x64
		{FEBCF479-411D-4A07-A3A5-6226970FC0A3}.Debug|x86.ActiveCfg = Debug|Win32
		{FEBCF479-411D-4A07-A3A5-6226970FC0A3}.Debug|x86.Build.0 = Debug|Win32
		{FEBCF479-411D-4A07-A3A5-6226970FC0A3}.Release|x64.ActiveCfg = Release|x64
		{FEBCF479-411D-4A07-A3A5-6226970FC0A3}.Release|x64.Build.0 = Release|x64
		{FEBCF479-411D-4A07-A3A5-6226970FC0A3}.Release|x86.ActiveCfg = Release|Win32
		{FEBCF479-411D-4A07-A3A5-6226970FC0A3}.Release|x86.Build.0 = Release|Win32
		{C4D87315-7B16-4447-8CDD-E16DD32CFE92}.Debug|x64.ActiveCfg = Debug|x64
		{C4D87315-7B16-4447-8CDD-E16DD32CFE92}.Debug|x64.Build.0 = Debug|x64
		{C4D87315-7B16-4447-8CDD-E16DD32CFE92}.Debug|x86.ActiveCfg = Debug|Win32
		{C4D87315-7B16-4447-8CDD-E16DD32CFE92}.Debug|x86.Build.0 = Debug|Win32
		{C4D87315-7B16-4447-8CDD-E16DD32CFE92}.Release|x64.ActiveCfg = Release|x64
		{C4D87315-7B16-4447-8CDD-E16DD32CFE92}.Release|x64.Build.0 = Release|x64
		{C4D87315-7B16-4447-8CDD-E16DD32CFE92}.Release|x86.ActiveCfg = Release|Win32
		{C4D87315-7B16-4447-8CDD-E16DD32CFE92}.Release|x86.Build.0 = Release|Win32
		{298D44C4-9C36-496D-AC78-C0535241C612}.Debug|x64.ActiveCfg = Debug|x64
		{298D44C4-9C36-496D-AC78-C0535241C612}.Debug|x64.Build.0 = Debug|x64
		{298D44C4-9C36-496D-AC78-C0535241C612}.Debug|x86.ActiveCfg = Debug|Win32
		{298D44C4-9C36-496D-AC78-C0535241C612}.Debug|x86.Build.0 = Debug|Win32
		{298D44C4-9C36-496D-AC78-C0535241C612}.Release|x64.ActiveCfg = Release|x64
		{298D44C4-9C36-496D-AC78-C0535241C612}.Release|x64.Build.0 = Release|x64
		{298D44C4-9C36-496D-AC78-C0535241C612}.Release|x86.ActiveCfg = Release|Win32
		{298D44C4-9C36-496D-AC78-C0535241C612}.Release|x86.Build.0 = Release|Win32
		{718AA572-9394-4614-96CA-A69EC7B037C2}.Debug|x64.ActiveCfg = Debug|x64
		{718AA572-9394-4614-96CA-A69EC7B037C2}.Debug|x64.Build.0 = Debug|x64
		{718AA572-9394-4614-96CA-A69EC7B037C2}.Debug|x86.ActiveCfg = Debug|Win32
		{718AA572-9394-4614-96CA-A69EC7B037C2}.Debug|x86.Build.0 = Debug|Win32
		{718AA572-9394-4614-96CA-A69EC7B037C2}.Release|x64.ActiveCfg = Release|x64
		{718AA572-9394-4614-96CA-A69EC7B037C2}.Release|x64.Build.0 = Release|x64
		{718AA572-9394-4614-96CA-A69EC7B037C2}.Release|x86.ActiveCfg = Release|Win32
		{718AA572-9394-4614-96CA-A69EC7B037C2}.Release|x86.Build.0 = Release|Win32
		{B182CAE5-3797-41E1-A760-C7F526020EC3}.Debug|x64.ActiveCfg = Debug|x64
		{B182CAE5-3797-41E1-A760-C7F526020EC3}.Debug|x64.Build.0 = Debug|x64
		{B182CAE5-3797-41E1-A760-C7F526020EC3}.Debug|x86.ActiveCfg = Debug|Win32
		{B182CAE5-3797-41E1-A760-C7F526020EC3}.Debug|x86.Build.0 = Debug|Win32
		{B182CAE5-3797-41E1-A760-C7F526020EC3}.Release|x64.ActiveCfg = Release|x64
		{B182CAE5-3797-41E1-A760-C7F526020EC3}.Release|x64.Build.0 = Release|x64
		{B182CAE5-3797-41E1-A760-C7F526020EC3}.Release|x86.ActiveCfg = Release|Win32
		{B182CAE5-3797-41E1-A760-C7F526020EC3}.Release|x86.Build.0 = Release|Win32
		{BF459B97-CECA-4112-A7BA-70F0F6BE3633}.Debug|x64.ActiveCfg = Debug|x64
		{BF459B97-CECA-4112-A7BA-70F0F6BE3633}.Debug|x64.Build.0 = Debug|x64
		{BF459B97-CECA-4112-A7BA-70F0F6BE3633}.Debug|x86.ActiveCfg = Debug|Win32
		{BF459B97-CECA-4112-A7BA-70F0F6BE3633}.Debug|x86.Build.0 = Debug|Win32
		{BF459B97-CECA-4112-A7BA-70F0F6BE3633}.Release|x64.ActiveCfg = Release|x64
		{BF459B97-CECA-4112-A7BA-70F0F6BE3633}.Release|x64.Build.0 = Release|x64
		{BF459B97-CECA-4112-A7BA-70F0F6BE3633}.Release|x86.ActiveCfg = Release|Win32
		{BF459B97-CECA-4112-A7BA-70F0F6BE3633}.Release|x86.Build.0 = Release|Win32
		{417EED9E-4876-4DB1-ACC4-C2FBCCE4A5C8}.Debug|x64.ActiveCfg = Debug|x64
		{417EED9E-4876-4DB1-ACC4-C2FBCCE4A5C8}.Debug|x64.Build.0 = Debug|x64
		{417EED9E-4876-4DB1-ACC4-C2FBCCE4A5C8}.Debug|x86.ActiveCfg = Debug|Win32
		{417EED9E-4876-4DB1-ACC4-C2FBCCE4A5C8}.Debug|x86.Build.0 = Debug|Win32
		{417EED9E-4876-4DB1-ACC4-C2FBCCE4A5C8}.Release|x64.ActiveCfg = Release|x64
		{417EED9E-4876-4DB1-ACC4-C2FBCCE4A5C8}.Release|x64.Build.0 = Release|x64
		{417EED9E-4876-4DB1-ACC4-C2FBCCE4A5C8}.Release|x86.ActiveCfg = Release|Win32
		{417EED9E-4876-4DB1-ACC4-C2FBCCE4A5C8}.Release|x86.Build.0 = Release|Win32
		{C543EFA8-BDAC-48D1-921D-766D8B7CCFE6}.Debug|x64.ActiveCfg = Debug|x64
		{C543EFA8-BDAC-48D1-921D-766D8B7CCFE6}.Debug|x64.Build.0 = Debug|x64
		{C543EFA8-BDAC-48D1-921D-766D8B7CCFE6}.Debug|x86.ActiveCfg = Debug|Win32
		{C543EFA8-BDAC-48D1-921D-766D8B7CCFE6}.Debug|x86.Build.0 = Debug|Win32
		{C543EFA8-BDAC-48D1-921D-766D8B7CCFE6}.Release|x64.ActiveCfg = Release|x64
		{C543EFA8-BDAC-48D1-921D-766D8B7CCFE6}.Release|x64.Build.0 = Release|x64
		{C543EFA8-BDAC-48D1-921D-766D8B7CCFE6}.Release|x86.ActiveCfg = Release|Win32
		{C543EFA8-BDAC-48D1-921D-766D8B7CCFE6}.Release|x86.Build.0 = Release|Win32
		{467E0FAE-2BBE-44E3-B4B3-BAC4828E4122}.Debug|x64.ActiveCfg = Debug|x64
		{467E0FAE-2BBE-44E3-B4B3-BAC4828E4122}.Debug|x64.Build.0 = Debug|x64
		{467E0FAE-2BBE-44E3-B4B3-BAC4828E4122}.Debug|x86.ActiveCfg = Debug|Win32
		{467E0FAE-2BBE-44E3-B4B3-BAC4828E4122}.Debug|x86.Build.0 = Debug|Win32
		{467E0FAE-2BBE-44E3-B4B3-BAC4828E4122}.Release|x64.ActiveCfg = Release|x64
		{467E0FAE-2BBE-44E3-B4B3-BAC4828E4122}.Release|x64.Build.0 = Release|x64
		{467E0FAE-2BBE-44E3-B4B3-BAC4828E4122}.Release|x86.ActiveCfg = Release|Win32
		{467E0FAE-2BBE-44E3-B4B3-BAC4828E4122}.Release|x86.Build.0 = Release|Win32
		{83DA788C-EA29-4FE8-8D2D-4AFCCF4C5BED}.Debug|x64.ActiveCfg = Debug|x64
		{83DA788C-EA29-4FE8-8D2D-4AFCCF4C5BED}.Debug|x64.Build.0 = Debug|x64
		{83DA788C-EA29-4FE8-8D2D-4AFCCF4C5BED}.Debug|x86.ActiveCfg = Debug|Win32
		{83DA788C-EA29-4FE8-8D2D-4AFCCF4C5BED}.Debug|x86.Build.0 = Debug|Win32
		{83DA788C-EA29-4FE8-8D2D-4AFCCF4C5BED}.Release|x64.ActiveCfg = Release|x64
		{83DA788C-EA29-4FE8-8D2D-4AFCCF4C5BED}.Release|x64.Build.0 = Release|x64
		{83DA788C-EA29-4FE8-8D2D-4AFCCF4C5BED}.Release|x86.ActiveCfg = Release|Win32
		{83DA788C-EA29-4FE8-8D2D-4AFCCF4C5BED}.Release|x86.Build.0 = Release|Win32
		{628FAE2D-D8B7-4777-B3D9-E4F5A403ACC0}.Debug|x64.ActiveCfg = Debug|x64
		{628FAE2D-D8B7-4777-B3D9-E4F5A403ACC0}.Debug|x64.Build.0 = Debug|x64
		{628FAE2D-D8B7-4777-B3D9-E4F5A403ACC0}.Debug|x86.ActiveCfg = Debug|Win32
		{628FAE2D-D8B7-4777-B3D9-E4F5A403ACC0}.Debug|x86.Build.0 = Debug|Win32
		{628FAE2D-D8B7-4777-B3D9-E4F5A403ACC0}.Release|x64.ActiveCfg = Release|x64
		{628FAE2D-D8B7-4777-B3D9-E4F5A403ACC0}.Release|x64.Build.0 = Release|x64
		{628FAE2D-D8B7-4777-B3D9-E4F5A403ACC0}.Release|x86.ActiveCfg = Release|Win32
		{628FAE2D-D8B7-4777-B3D9-E4F5A403ACC0}.Release|x86.Build.0 = Release|Win32
		{8C1AA44D-566F-42AA-BC8C-1BE5B2EADF4C}.Debug|x64.ActiveCfg = Debug|x64
		{8C1AA44D-566F-42AA-BC8C-1BE5B2EADF4C}.Debug|x64.Build.0 = Debug|x64
		{8C1AA44D-566F-42AA-BC8C-1BE5B2EADF4C}.Debug|x86.ActiveCfg = Debug|Win32
		{8C1AA44D-566F-42AA-BC8C-1BE5B2EADF4C}.Debug|x86.Build.0 = Debug|Win32
		{8C1AA44D-566F-42AA-BC8C-1BE5B2EADF4C}.Release|x64.ActiveCfg = Release|x64
		{8C1AA44D-566F-42AA-BC8C-1BE5B2EADF4C}.Release|x64.Build.0 = Release|x64
		{8C1AA44D-566F-42AA-BC8C-1BE5B2EADF4C}.Release|x86.ActiveCfg = Release|Win32
		{8C1AA44D-566F-42AA-BC8C-1BE5B2EADF4C}.Release|x86.Build.0 = Release|Win32
		{E2B2445C-9B98-4C5E-B7B3-4251DB932600}.Debug|x64.ActiveCfg = Debug|x64
		{E2B2445C-9B98-4C5E-B7B3-4251DB932600}.Debug|x64.Build.0 = Debug|x64
		{E2B2445C-9B98-4C5E-B7B3-4251DB932600}.Debug|x86.ActiveCfg = Debug|Win32
		{E2B2445C-9B98-4C5E-B7B3-4251DB932600}.Debug|x86.Build.0 = Debug|Win32
		{E2B2445C-9B98-4C5E-B7B3-4251DB932600}.Release|x64.ActiveCfg = Release|x64
		{E2B2445C-9B98-4C5E-B7B3-4251DB932600}.Release|x64.Build.0 = Release|x64
		{E2B2445C-9B98-4C5E-B7B3-4251DB932600}.Release|x86.ActiveCfg = Release|Win32
		{E2B2445C-9B98-4C5E-B7B3-4251DB932600}.Release|x86.Build.0 = Release|Win32
		{EC1C69E8-DEEC-4421-B05F-6F5DB9A06030}.Debug|x64.ActiveCfg = Debug|x64
		{EC1C69E8-DEEC-4421-B05F-6F5DB9A06030}.Debug|x64.Build.0 = Debug|x64
		{EC1C69E8-DEEC-4421-B05F-6F5DB9A06030}.Debug|x86.ActiveCfg = Debug|Win32
		{EC1C69E8-DEEC-4421-B05F-6F5DB9A06030}.Debug|x86.Build.0 = Debug|Win32
		{EC1C69E8-DEEC-4421-B05F-6F5DB9A06030}.Release|x64.ActiveCfg = Release|x64
		{EC1C69E8-DEEC-4421-B05F-6F5DB9A06030}.Release|x64.Build.0 = Release|x64
		{EC1C69E8-DEEC-4421-B05F-6F5DB9A06030}.Release|x86.ActiveCfg = Release|Win32
		{EC1C69E8-DEEC-4421-B05F-6F5DB9A06030}.Release|x86.Build.0 = Release|Win32
		{AB7D2372-76A4-4989-B316-C25CB12DA8D8}.Debug|x64.ActiveCfg = Debug|x64
		{AB7D2372-76A4-4989-B316-C25CB12DA8D8}.Debug|x64.Build.0 = Debug|x64
		{AB7D2372-76A4-4989-B316-C25CB12DA8D8}.Debug|x86.ActiveCfg = Debug|Win32
		{AB7D2372-76A4-4989-B316-C25CB12DA8D8}.Debug|x86.Build.0 = Debug|Win32
		{AB7D2372-76A4-4989-B316-C25CB12DA8D8}.Release|x64.ActiveCfg = Release|x64
		{AB7D2372-76A4-4989-B316-C25CB12DA8D8}.Release|x64.Build.0 = Release|x64
		{AB7D2372-76A4-4989-B316-C25CB12DA8D8}.Release|x86.ActiveCfg = Release|Win32
		{AB7D2372-76A4-4989-B316-C25CB12DA8D8}.Release|x86.Build.0 = Release|Win32
		{BF7A7904-5BA3-40C0-B1CF-7378665BF86B}.Debug|x64.ActiveCfg = Debug|x64
		{BF7A7904-5BA3-40C0-B1CF-7378665BF86B}.Debug|x64.Build.0 = Debug|x64
		{BF7A7904-5BA3-40C0-B1CF-7378665BF86B}.Debug|x86.ActiveCfg = Debug|Win32
		{BF7A7904-5BA3-40C0-B1CF-7378665BF86B}.Debug|x86.Build.0 = Debug|Win32
		{BF7A7904-5BA3-40C0-B1CF-7378665BF86B}.Release|x64.ActiveCfg = Release|x64
		{BF7A7904-5BA3-40C0-B1CF-7378665BF86B}.Release|x64.Build.0 = Release|x64
		{BF7A7904-5BA3-40C0-B1CF-7378665BF86B}.Release|x86.ActiveCfg = Release|Win32
		{BF7A7904-5BA3-40C0-B1CF-7378665BF86B}.Release|x86.Build.0 = Release|Win32
		{8D80C857-A02D-4BEF-A1A0-3281B4CA0C32}.Debug|x64.ActiveCfg = Debug|x64
		{8D80C857-A02D-4BEF-A1A0-3281B4CA0C32}.Debug|x64.Build.0 = Debug|x64
		{8D80C857-A02D-4BEF-A1A0-3281B4CA0C32}.Debug|x86.ActiveCfg = Debug|Win32
		{8D80C857-A02D-4BEF-A1A0-3281B4CA0C32}.Debug|x86.Build.0 = Debug|Win32
		{8D80C857-A02D-4BEF-A1A0-3281B4CA0C32}.Release|x64.ActiveCfg = Release|x64
		{8D80C857-A02D-4BEF-A1A0-3281B4CA0C32}.Release|x64.Build.0 = Release|x64
		{8D80C857-A02D-4BEF-A1A0-3281B4CA0C32}.Release|x86.ActiveCfg = Release|Win32
		{8D80C857-A02D-4BEF-A1A0-3281B4CA0C32}.Release|x86.Build.0 = Release|Win32
		{3E94700D-42A4-4EF0-82F8-E0E2712E4B24}.Debug|x64.ActiveCfg = Debug|x64
		{3E94700D-42A4-4EF0-82F8-E0E2712E4B24}.Debug|x64.Build.0 = Debug|x64
		{3E94700D-42A4-4EF0-82F8-E0E2712E4B24}.Debug|x86.ActiveCfg = Debug|Win32
		{3E94700D-42A4-4EF0-82F8-E0E2712E4B24}.Debug|x86.Build.0 = Debug|Win32
		{3E94700D-42A4-4EF0-82F8-E0E2712E4B24}.Release|x64.ActiveCfg = Release|x64
		{3E94700D-42A4-4EF0-82F8-E0E2712E4B24}.Release|x64.Build.0 = Release|x64
		{3E94700D-42A4-4EF0-82F8-E0E2712E4B24}.Release|x86.ActiveCfg = Release|Win32
		{3E94700D-42A4-4EF0-82F8-E0E2712E4B24}.Release|x86.Build.0 = Release|Win32
		{2B2C755F-DD83-4915-89FD-B0228B8A5F8A}.Debug|x64.ActiveCfg = Debug|x64
		{2B2C755F-DD83-4915-89FD-B0228B8A5F8A}.Debug|x64.Build.0 = Debug|x64
		{2B2C755F-DD83-4915-89FD-B0228B8A5F8A}.Debug|x86.ActiveCfg = Debug|Win32
		{2B2C755F-DD83-4915-89FD-B0228B8A5F8A}.Debug|x86.Build.0 = Debug|Win32
		{2B2C755F-DD83-4915-89FD-B0228B8A5F8A}.Release|x64.ActiveCfg = Release|x64
		{2B2C755F-DD83-4915-89FD-B0228B8A5F8A}.Release|x64.Build.0 = Release|x64
		{2B2C755F-DD83-4915-89FD-B0228B8A5F8A}.Release|x86.ActiveCfg = Release|Win32
		{2B2C755F-DD83-4915-89FD-B0228B8A5F8A}.Release|x86.Build.0 = Release|Win32
		{DBCE1B89-5980-496D-9366-13A2DD3C2179}.Debug|x64.ActiveCfg = Debug|x64
		{DBCE1B89-5980-496D-9366-13A2DD3C2179}.Debug|x64.Build.0 = Debug|x64
		{DBCE1B89-5980-496D-9366-13A2DD3C2179}.Debug|x86.ActiveCfg = Debug|Win32
		{DBCE1B89-5980-496D-9366-13A2DD3C2179}.Debug|x86.Build.0 = Debug|Win32
		{DBCE1B89-5980-496D-9366-13A2DD3C2179}.Release|x64.ActiveCfg = Release|x64
		{DBCE1B89-5980-496D-9366-13A2DD3C2179}.Release|x64.Build.0 = Release|x64
		{DBCE1B89-5980-496D-9366-13A2DD3C2179}.Release|x86.ActiveCfg = Release|Win32
		{DBCE1B89-5980-496D-9366-13A2DD3C2179}.Release|x86.Build.0 = Release|Win32
		{347357D5-8463-406B-B26D-58C33EAFC415}.Debug|x64.ActiveCfg = Debug|x64
		{347357D5-8463-406B-B26D-58C33EAFC415}.Debug|x64.Build.0 = Debug|x64
		{347357D5-8463-406B-B26D-58C33EAFC415}.Debug|x86.ActiveCfg = Debug|Win32
		{347357D5-8463-406B-B26D-58C33EAFC415}.Debug|x86.Build.0 = Debug|Win32
		{347357D5-8463-406B-B26D-58C33EAFC415}.Release|x64.ActiveCfg = Release|x64
		{347357D5-8463-406B-B26D-58C33EAFC415}.Release|x64.Build.0 = Release|x64
		{347357D5-8463-406B-B26D-58C33EAFC415}.Release|x86.ActiveCfg = Release|Win32
		{347357D5-8463-406B-B26D-58C33EAFC415}.Release|x86.Build.0 = Release|Win32
	EndGlobalSection
	GlobalSection(SolutionProperties) = preSolution
		HideSolutionNode = FALSE
	EndGlobalSection
	GlobalSection(ExtensibilityGlobals) = postSolution
		SolutionGuid = {D30711F2-E635-4839-8C9B-5F6DBF77334C}
	EndGlobalSection
EndGlobal
