<?xml version="1.0" encoding="utf-8"?>
<Project ToolsVersion="4.0" xmlns="http://schemas.microsoft.com/developer/msbuild/2003">
  <ItemGroup>
    <Filter Include="源文件">
      <UniqueIdentifier>{4FC737F1-C7A5-4376-A066-2A32D752A2FF}</UniqueIdentifier>
      <Extensions>cpp;c;cc;cxx;c++;cppm;ixx;def;odl;idl;hpj;bat;asm;asmx</Extensions>
    </Filter>
    <Filter Include="头文件">
      <UniqueIdentifier>{93995380-89BD-4b04-88EB-625FBE52EBFB}</UniqueIdentifier>
      <Extensions>h;hh;hpp;hxx;h++;hm;inl;inc;ipp;xsd</Extensions>
    </Filter>
    <Filter Include="资源文件">
      <UniqueIdentifier>{67DA6AB6-F800-4c08-8B7A-83BB121AAD01}</UniqueIdentifier>
      <Extensions>rc;ico;cur;bmp;dlg;rc2;rct;bin;rgs;gif;jpg;jpeg;jpe;resx;tiff;tif;png;wav;mfcribbon-ms</Extensions>
    </Filter>
  </ItemGroup>
  <ItemGroup>
    <ClInclude Include="..\..\..\tier0\extendedtrace.h">
      <Filter>头文件</Filter>
    </ClInclude>
    <ClInclude Include="..\..\..\tier0\mem_helpers.h">
      <Filter>头文件</Filter>
    </ClInclude>
    <ClInclude Include="..\..\..\tier0\mem_impl_type.h">
      <Filter>头文件</Filter>
    </ClInclude>
    <ClInclude Include="..\..\..\tier0\memstd.h">
      <Filter>头文件</Filter>
    </ClInclude>
    <ClInclude Include="..\..\..\tier0\pch_tier0.h">
      <Filter>头文件</Filter>
    </ClInclude>
    <ClInclude Include="..\..\..\tier0\resource.h">
      <Filter>头文件</Filter>
    </ClInclude>
    <ClInclude Include="..\..\..\tier0\tier0_strtools.h">
      <Filter>头文件</Filter>
    </ClInclude>
    <ClInclude Include="..\..\..\public\tier0\annotations.h">
      <Filter>头文件</Filter>
    </ClInclude>
    <ClInclude Include="..\..\..\public\tier0\basetypes.h">
      <Filter>头文件</Filter>
    </ClInclude>
    <ClInclude Include="..\..\..\public\tier0\commonmacros.h">
      <Filter>头文件</Filter>
    </ClInclude>
    <ClInclude Include="..\..\..\public\tier0\cpumonitoring.h">
      <Filter>头文件</Filter>
    </ClInclude>
    <ClInclude Include="..\..\..\public\tier0\dbg.h">
      <Filter>头文件</Filter>
    </ClInclude>
    <ClInclude Include="..\..\..\public\tier0\dbgflag.h">
      <Filter>头文件</Filter>
    </ClInclude>
    <ClInclude Include="..\..\..\public\tier0\dynfunction.h">
      <Filter>头文件</Filter>
    </ClInclude>
    <ClInclude Include="..\..\..\public\tier0\etwprof.h">
      <Filter>头文件</Filter>
    </ClInclude>
    <ClInclude Include="..\..\..\public\tier0\EventMasks.h">
      <Filter>头文件</Filter>
    </ClInclude>
    <ClInclude Include="..\..\..\public\tier0\EventModes.h">
      <Filter>头文件</Filter>
    </ClInclude>
    <ClInclude Include="..\..\..\public\tier0\fasttimer.h">
      <Filter>头文件</Filter>
    </ClInclude>
    <ClInclude Include="..\..\..\public\tier0\ia32detect.h">
      <Filter>头文件</Filter>
    </ClInclude>
    <ClInclude Include="..\..\..\public\tier0\icommandline.h">
      <Filter>头文件</Filter>
    </ClInclude>
    <ClInclude Include="..\..\..\public\tier0\IOCTLCodes.h">
      <Filter>头文件</Filter>
    </ClInclude>
    <ClInclude Include="..\..\..\public\tier0\K8PerformanceCounters.h">
      <Filter>头文件</Filter>
    </ClInclude>
    <ClInclude Include="..\..\..\public\tier0\l2cache.h">
      <Filter>头文件</Filter>
    </ClInclude>
    <ClInclude Include="..\..\..\public\tier0\mem.h">
      <Filter>头文件</Filter>
    </ClInclude>
    <ClInclude Include="..\..\..\public\tier0\memalloc.h">
      <Filter>头文件</Filter>
    </ClInclude>
    <ClInclude Include="..\..\..\public\tier0\memdbgoff.h">
      <Filter>头文件</Filter>
    </ClInclude>
    <ClInclude Include="..\..\..\public\tier0\memdbgon.h">
      <Filter>头文件</Filter>
    </ClInclude>
    <ClInclude Include="..\..\..\public\tier0\memvirt.h">
      <Filter>头文件</Filter>
    </ClInclude>
    <ClInclude Include="..\..\..\public\tier0\minidump.h">
      <Filter>头文件</Filter>
    </ClInclude>
    <ClInclude Include="..\..\..\public\tier0\P4PerformanceCounters.h">
      <Filter>头文件</Filter>
    </ClInclude>
    <ClInclude Include="..\..\..\public\tier0\P5P6PerformanceCounters.h">
      <Filter>头文件</Filter>
    </ClInclude>
    <ClInclude Include="..\..\..\public\tier0\platform.h">
      <Filter>头文件</Filter>
    </ClInclude>
    <ClInclude Include="..\..\..\public\tier0\pmc360.h">
      <Filter>头文件</Filter>
    </ClInclude>
    <ClInclude Include="..\..\..\public\tier0\PMELib.h">
      <Filter>头文件</Filter>
    </ClInclude>
    <ClInclude Include="..\..\..\public\tier0\progressbar.h">
      <Filter>头文件</Filter>
    </ClInclude>
    <ClInclude Include="..\..\..\public\tier0\protected_things.h">
      <Filter>头文件</Filter>
    </ClInclude>
    <ClInclude Include="..\..\..\public\tier0\stacktools.h">
      <Filter>头文件</Filter>
    </ClInclude>
    <ClInclude Include="..\..\..\public\tier0\systeminformation.h">
      <Filter>头文件</Filter>
    </ClInclude>
    <ClInclude Include="..\..\..\public\tier0\testthread.h">
      <Filter>头文件</Filter>
    </ClInclude>
    <ClInclude Include="..\..\..\public\tier0\threadtools.h">
      <Filter>头文件</Filter>
    </ClInclude>
    <ClInclude Include="..\..\..\public\tier0\tmapi_dummy.h">
      <Filter>头文件</Filter>
    </ClInclude>
    <ClInclude Include="..\..\..\public\tier0\tslist.h">
      <Filter>头文件</Filter>
    </ClInclude>
    <ClInclude Include="..\..\..\public\tier0\type_traits.h">
      <Filter>头文件</Filter>
    </ClInclude>
    <ClInclude Include="..\..\..\public\tier0\validator.h">
      <Filter>头文件</Filter>
    </ClInclude>
    <ClInclude Include="..\..\..\public\tier0\valobject.h">
      <Filter>头文件</Filter>
    </ClInclude>
    <ClInclude Include="..\..\..\public\tier0\valve_minmax_off.h">
      <Filter>头文件</Filter>
    </ClInclude>
    <ClInclude Include="..\..\..\public\tier0\valve_minmax_on.h">
      <Filter>头文件</Filter>
    </ClInclude>
    <ClInclude Include="..\..\..\public\tier0\valve_off.h">
      <Filter>头文件</Filter>
    </ClInclude>
    <ClInclude Include="..\..\..\public\tier0\valve_on.h">
      <Filter>头文件</Filter>
    </ClInclude>
    <ClInclude Include="..\..\..\public\tier0\vcr_shared.h">
      <Filter>头文件</Filter>
    </ClInclude>
    <ClInclude Include="..\..\..\public\tier0\vcrmode.h">
      <Filter>头文件</Filter>
    </ClInclude>
    <ClInclude Include="..\..\..\public\tier0\vprof.h">
      <Filter>头文件</Filter>
    </ClInclude>
    <ClInclude Include="..\..\..\public\tier0\vprof_telemetry.h">
      <Filter>头文件</Filter>
    </ClInclude>
    <ClInclude Include="..\..\..\public\tier0\wchartypes.h">
      <Filter>头文件</Filter>
    </ClInclude>
    <ClInclude Include="..\..\..\public\tier0\xbox_codeline_defines.h">
      <Filter>头文件</Filter>
    </ClInclude>
  </ItemGroup>
  <ItemGroup>
    <ClCompile Include="..\..\..\tier0\assert_dialog.cpp">
      <Filter>源文件</Filter>
    </ClCompile>
    <ClCompile Include="..\..\..\tier0\commandline.cpp">
      <Filter>源文件</Filter>
    </ClCompile>
    <ClCompile Include="..\..\..\tier0\cpu.cpp">
      <Filter>源文件</Filter>
    </ClCompile>
    <ClCompile Include="..\..\..\tier0\cpu_usage.cpp">
      <Filter>源文件</Filter>
    </ClCompile>
    <ClCompile Include="..\..\..\tier0\cpumonitoring.cpp">
      <Filter>源文件</Filter>
    </ClCompile>
    <ClCompile Include="..\..\..\tier0\dynfunction.cpp">
      <Filter>源文件</Filter>
    </ClCompile>
    <ClCompile Include="..\..\..\tier0\fasttimer.cpp">
      <Filter>源文件</Filter>
    </ClCompile>
    <ClCompile Include="..\..\..\tier0\mem.cpp">
      <Filter>源文件</Filter>
    </ClCompile>
    <ClCompile Include="..\..\..\tier0\mem_helpers.cpp">
      <Filter>源文件</Filter>
    </ClCompile>
    <ClCompile Include="..\..\..\tier0\memdbg.cpp">
      <Filter>源文件</Filter>
    </ClCompile>
    <ClCompile Include="..\..\..\tier0\memstd.cpp">
      <Filter>源文件</Filter>
    </ClCompile>
    <ClCompile Include="..\..\..\tier0\memvalidate.cpp">
      <Filter>源文件</Filter>
    </ClCompile>
    <ClCompile Include="..\..\..\tier0\minidump.cpp">
      <Filter>源文件</Filter>
    </ClCompile>
    <ClCompile Include="..\..\..\tier0\PMELib.cpp">
      <Filter>源文件</Filter>
    </ClCompile>
    <ClCompile Include="..\..\..\tier0\progressbar.cpp">
      <Filter>源文件</Filter>
    </ClCompile>
    <ClCompile Include="..\..\..\tier0\security.cpp">
      <Filter>源文件</Filter>
    </ClCompile>
    <ClCompile Include="..\..\..\tier0\stacktools.cpp">
      <Filter>源文件</Filter>
    </ClCompile>
    <ClCompile Include="..\..\..\tier0\systeminformation.cpp">
      <Filter>源文件</Filter>
    </ClCompile>
    <ClCompile Include="..\..\..\tier0\thread.cpp">
      <Filter>源文件</Filter>
    </ClCompile>
    <ClCompile Include="..\..\..\tier0\threadtools.cpp">
      <Filter>源文件</Filter>
    </ClCompile>
    <ClCompile Include="..\..\..\tier0\tier0_strtools.cpp">
      <Filter>源文件</Filter>
    </ClCompile>
    <ClCompile Include="..\..\..\tier0\tslist.cpp">
      <Filter>源文件</Filter>
    </ClCompile>
    <ClCompile Include="..\..\..\tier0\vprof.cpp">
      <Filter>源文件</Filter>
    </ClCompile>
    <ClCompile Include="..\..\..\tier0\vcrmode.cpp">
      <Filter>源文件</Filter>
    </ClCompile>
    <ClCompile Include="..\..\..\tier0\win32consoleio.cpp">
      <Filter>源文件</Filter>
    </ClCompile>
    <ClCompile Include="..\..\..\tier0\dbg.cpp">
      <Filter>源文件</Filter>
    </ClCompile>
    <ClCompile Include="..\..\..\tier0\platform.cpp">
      <Filter>源文件</Filter>
    </ClCompile>
    <ClCompile Include="..\..\..\tier0\pme.cpp">
      <Filter>源文件</Filter>
    </ClCompile>
  </ItemGroup>
  <ItemGroup>
    <ResourceCompile Include="..\..\..\tier0\assert_dialog.rc">
      <Filter>源文件</Filter>
    </ResourceCompile>
  </ItemGroup>
  <ItemGroup>
    <None Include="..\..\..\tier0\InterlockedCompareExchange128.masm">
      <Filter>源文件</Filter>
    </None>
    <None Include="..\..\..\public\tier0\threadtools.inl">
      <Filter>头文件</Filter>
    </None>
  </ItemGroup>
</Project>